
Microsoft Visual Studio Solution File, Format Version 12.00
# Visual Studio Version 17
VisualStudioVersion = 17.5.2.0
MinimumVisualStudioVersion = 10.0.40219.1
Project("{2150E333-8FDC-42A3-9474-1A3956D46DE8}") = "week 0", "week 0", "{EDCC936F-3580-6108-C946-99C59F458579}"
EndProject
Project("{FAE04EC0-301F-11D3-BF4B-00C04F79EFBC}") = "HelloWorld", "week 0\HelloWorld\HelloWorld.csproj", "{1900CB8A-C36C-EE6B-7074-72B37AE43150}"
EndProject
Project("{FAE04EC0-301F-11D3-BF4B-00C04F79EFBC}") = "t01", "t01\t01.csproj", "{05F4C6CF-A5CD-4A6D-8EC4-068DA4158916}"
EndProject
Project("{2150E333-8FDC-42A3-9474-1A3956D46DE8}") = "week 1", "week 1", "{8CBEE143-B97E-4971-94F5-A4DD6BAFBCB1}"
EndProject
Project("{2150E333-8FDC-42A3-9474-1A3956D46DE8}") = "1.1", "1.1", "{8460D90C-84A5-4106-9A6C-43565388DFCB}"
EndProject
Project("{FAE04EC0-301F-11D3-BF4B-00C04F79EFBC}") = "t02", "week 1\1.1\t02\t02.csproj", "{E0DDFD33-B6E3-4F53-9AB5-F3E1B83B1539}"
EndProject
Project("{FAE04EC0-301F-11D3-BF4B-00C04F79EFBC}") = "t03", "week 1\1.1\t03\t03.csproj", "{3344C204-1DA6-46FE-A1B5-97D2F7977782}"
EndProject
Project("{FAE04EC0-301F-11D3-BF4B-00C04F79EFBC}") = "t04", "week 1\1.1\t04\t04.csproj", "{E782CD49-20B4-4430-ABBC-30A8252D6E90}"
EndProject
Project("{FAE04EC0-301F-11D3-BF4B-00C04F79EFBC}") = "t05", "week 1\1.1\t05\t05.csproj", "{494FADA1-D149-4B58-8ED5-D72A2D686636}"
EndProject
Project("{FAE04EC0-301F-11D3-BF4B-00C04F79EFBC}") = "t06", "week 1\1.1\t06\t06.csproj", "{EC2A2FB9-50C5-4CC1-A883-BF2680049238}"
EndProject
Project("{FAE04EC0-301F-11D3-BF4B-00C04F79EFBC}") = "t07", "week 1\1.1\t07\t07.csproj", "{0A7E27E5-7285-499C-A290-61035D8C7C7A}"
EndProject
Project("{FAE04EC0-301F-11D3-BF4B-00C04F79EFBC}") = "t08", "week 1\1.1\t08\t08.csproj", "{2A8CD88D-E5B9-4668-9712-101A240892DC}"
EndProject
Project("{FAE04EC0-301F-11D3-BF4B-00C04F79EFBC}") = "t09", "week 1\1.1\t09\t09.csproj", "{557B4D2F-0B4E-47CB-A0B1-501C4495669D}"
EndProject
Global
	GlobalSection(SolutionConfigurationPlatforms) = preSolution
		Debug|Any CPU = Debug|Any CPU
		Debug|x64 = Debug|x64
		Debug|x86 = Debug|x86
		Release|Any CPU = Release|Any CPU
		Release|x64 = Release|x64
		Release|x86 = Release|x86
	EndGlobalSection
	GlobalSection(ProjectConfigurationPlatforms) = postSolution
		{1900CB8A-C36C-EE6B-7074-72B37AE43150}.Debug|Any CPU.ActiveCfg = Debug|Any CPU
		{1900CB8A-C36C-EE6B-7074-72B37AE43150}.Debug|Any CPU.Build.0 = Debug|Any CPU
		{1900CB8A-C36C-EE6B-7074-72B37AE43150}.Debug|x64.ActiveCfg = Debug|Any CPU
		{1900CB8A-C36C-EE6B-7074-72B37AE43150}.Debug|x64.Build.0 = Debug|Any CPU
		{1900CB8A-C36C-EE6B-7074-72B37AE43150}.Debug|x86.ActiveCfg = Debug|Any CPU
		{1900CB8A-C36C-EE6B-7074-72B37AE43150}.Debug|x86.Build.0 = Debug|Any CPU
		{1900CB8A-C36C-EE6B-7074-72B37AE43150}.Release|Any CPU.ActiveCfg = Release|Any CPU
		{1900CB8A-C36C-EE6B-7074-72B37AE43150}.Release|Any CPU.Build.0 = Release|Any CPU
		{1900CB8A-C36C-EE6B-7074-72B37AE43150}.Release|x64.ActiveCfg = Release|Any CPU
		{1900CB8A-C36C-EE6B-7074-72B37AE43150}.Release|x64.Build.0 = Release|Any CPU
		{1900CB8A-C36C-EE6B-7074-72B37AE43150}.Release|x86.ActiveCfg = Release|Any CPU
		{1900CB8A-C36C-EE6B-7074-72B37AE43150}.Release|x86.Build.0 = Release|Any CPU
		{05F4C6CF-A5CD-4A6D-8EC4-068DA4158916}.Debug|Any CPU.ActiveCfg = Debug|Any CPU
		{05F4C6CF-A5CD-4A6D-8EC4-068DA4158916}.Debug|Any CPU.Build.0 = Debug|Any CPU
		{05F4C6CF-A5CD-4A6D-8EC4-068DA4158916}.Debug|x64.ActiveCfg = Debug|Any CPU
		{05F4C6CF-A5CD-4A6D-8EC4-068DA4158916}.Debug|x64.Build.0 = Debug|Any CPU
		{05F4C6CF-A5CD-4A6D-8EC4-068DA4158916}.Debug|x86.ActiveCfg = Debug|Any CPU
		{05F4C6CF-A5CD-4A6D-8EC4-068DA4158916}.Debug|x86.Build.0 = Debug|Any CPU
		{05F4C6CF-A5CD-4A6D-8EC4-068DA4158916}.Release|Any CPU.ActiveCfg = Release|Any CPU
		{05F4C6CF-A5CD-4A6D-8EC4-068DA4158916}.Release|Any CPU.Build.0 = Release|Any CPU
		{05F4C6CF-A5CD-4A6D-8EC4-068DA4158916}.Release|x64.ActiveCfg = Release|Any CPU
		{05F4C6CF-A5CD-4A6D-8EC4-068DA4158916}.Release|x64.Build.0 = Release|Any CPU
		{05F4C6CF-A5CD-4A6D-8EC4-068DA4158916}.Release|x86.ActiveCfg = Release|Any CPU
		{05F4C6CF-A5CD-4A6D-8EC4-068DA4158916}.Release|x86.Build.0 = Release|Any CPU
		{E0DDFD33-B6E3-4F53-9AB5-F3E1B83B1539}.Debug|Any CPU.ActiveCfg = Debug|Any CPU
		{E0DDFD33-B6E3-4F53-9AB5-F3E1B83B1539}.Debug|Any CPU.Build.0 = Debug|Any CPU
		{E0DDFD33-B6E3-4F53-9AB5-F3E1B83B1539}.Debug|x64.ActiveCfg = Debug|Any CPU
		{E0DDFD33-B6E3-4F53-9AB5-F3E1B83B1539}.Debug|x64.Build.0 = Debug|Any CPU
		{E0DDFD33-B6E3-4F53-9AB5-F3E1B83B1539}.Debug|x86.ActiveCfg = Debug|Any CPU
		{E0DDFD33-B6E3-4F53-9AB5-F3E1B83B1539}.Debug|x86.Build.0 = Debug|Any CPU
		{E0DDFD33-B6E3-4F53-9AB5-F3E1B83B1539}.Release|Any CPU.ActiveCfg = Release|Any CPU
		{E0DDFD33-B6E3-4F53-9AB5-F3E1B83B1539}.Release|Any CPU.Build.0 = Release|Any CPU
		{E0DDFD33-B6E3-4F53-9AB5-F3E1B83B1539}.Release|x64.ActiveCfg = Release|Any CPU
		{E0DDFD33-B6E3-4F53-9AB5-F3E1B83B1539}.Release|x64.Build.0 = Release|Any CPU
		{E0DDFD33-B6E3-4F53-9AB5-F3E1B83B1539}.Release|x86.ActiveCfg = Release|Any CPU
		{E0DDFD33-B6E3-4F53-9AB5-F3E1B83B1539}.Release|x86.Build.0 = Release|Any CPU
		{3344C204-1DA6-46FE-A1B5-97D2F7977782}.Debug|Any CPU.ActiveCfg = Debug|Any CPU
		{3344C204-1DA6-46FE-A1B5-97D2F7977782}.Debug|Any CPU.Build.0 = Debug|Any CPU
		{3344C204-1DA6-46FE-A1B5-97D2F7977782}.Debug|x64.ActiveCfg = Debug|Any CPU
		{3344C204-1DA6-46FE-A1B5-97D2F7977782}.Debug|x64.Build.0 = Debug|Any CPU
		{3344C204-1DA6-46FE-A1B5-97D2F7977782}.Debug|x86.ActiveCfg = Debug|Any CPU
		{3344C204-1DA6-46FE-A1B5-97D2F7977782}.Debug|x86.Build.0 = Debug|Any CPU
		{3344C204-1DA6-46FE-A1B5-97D2F7977782}.Release|Any CPU.ActiveCfg = Release|Any CPU
		{3344C204-1DA6-46FE-A1B5-97D2F7977782}.Release|Any CPU.Build.0 = Release|Any CPU
		{3344C204-1DA6-46FE-A1B5-97D2F7977782}.Release|x64.ActiveCfg = Release|Any CPU
		{3344C204-1DA6-46FE-A1B5-97D2F7977782}.Release|x64.Build.0 = Release|Any CPU
		{3344C204-1DA6-46FE-A1B5-97D2F7977782}.Release|x86.ActiveCfg = Release|Any CPU
		{3344C204-1DA6-46FE-A1B5-97D2F7977782}.Release|x86.Build.0 = Release|Any CPU
		{E782CD49-20B4-4430-ABBC-30A8252D6E90}.Debug|Any CPU.ActiveCfg = Debug|Any CPU
		{E782CD49-20B4-4430-ABBC-30A8252D6E90}.Debug|Any CPU.Build.0 = Debug|Any CPU
		{E782CD49-20B4-4430-ABBC-30A8252D6E90}.Debug|x64.ActiveCfg = Debug|Any CPU
		{E782CD49-20B4-4430-ABBC-30A8252D6E90}.Debug|x64.Build.0 = Debug|Any CPU
		{E782CD49-20B4-4430-ABBC-30A8252D6E90}.Debug|x86.ActiveCfg = Debug|Any CPU
		{E782CD49-20B4-4430-ABBC-30A8252D6E90}.Debug|x86.Build.0 = Debug|Any CPU
		{E782CD49-20B4-4430-ABBC-30A8252D6E90}.Release|Any CPU.ActiveCfg = Release|Any CPU
		{E782CD49-20B4-4430-ABBC-30A8252D6E90}.Release|Any CPU.Build.0 = Release|Any CPU
		{E782CD49-20B4-4430-ABBC-30A8252D6E90}.Release|x64.ActiveCfg = Release|Any CPU
		{E782CD49-20B4-4430-ABBC-30A8252D6E90}.Release|x64.Build.0 = Release|Any CPU
		{E782CD49-20B4-4430-ABBC-30A8252D6E90}.Release|x86.ActiveCfg = Release|Any CPU
		{E782CD49-20B4-4430-ABBC-30A8252D6E90}.Release|x86.Build.0 = Release|Any CPU
		{494FADA1-D149-4B58-8ED5-D72A2D686636}.Debug|Any CPU.ActiveCfg = Debug|Any CPU
		{494FADA1-D149-4B58-8ED5-D72A2D686636}.Debug|Any CPU.Build.0 = Debug|Any CPU
		{494FADA1-D149-4B58-8ED5-D72A2D686636}.Debug|x64.ActiveCfg = Debug|Any CPU
		{494FADA1-D149-4B58-8ED5-D72A2D686636}.Debug|x64.Build.0 = Debug|Any CPU
		{494FADA1-D149-4B58-8ED5-D72A2D686636}.Debug|x86.ActiveCfg = Debug|Any CPU
		{494FADA1-D149-4B58-8ED5-D72A2D686636}.Debug|x86.Build.0 = Debug|Any CPU
		{494FADA1-D149-4B58-8ED5-D72A2D686636}.Release|Any CPU.ActiveCfg = Release|Any CPU
		{494FADA1-D149-4B58-8ED5-D72A2D686636}.Release|Any CPU.Build.0 = Release|Any CPU
		{494FADA1-D149-4B58-8ED5-D72A2D686636}.Release|x64.ActiveCfg = Release|Any CPU
		{494FADA1-D149-4B58-8ED5-D72A2D686636}.Release|x64.Build.0 = Release|Any CPU
		{494FADA1-D149-4B58-8ED5-D72A2D686636}.Release|x86.ActiveCfg = Release|Any CPU
		{494FADA1-D149-4B58-8ED5-D72A2D686636}.Release|x86.Build.0 = Release|Any CPU
		{EC2A2FB9-50C5-4CC1-A883-BF2680049238}.Debug|Any CPU.ActiveCfg = Debug|Any CPU
		{EC2A2FB9-50C5-4CC1-A883-BF2680049238}.Debug|Any CPU.Build.0 = Debug|Any CPU
		{EC2A2FB9-50C5-4CC1-A883-BF2680049238}.Debug|x64.ActiveCfg = Debug|Any CPU
		{EC2A2FB9-50C5-4CC1-A883-BF2680049238}.Debug|x64.Build.0 = Debug|Any CPU
		{EC2A2FB9-50C5-4CC1-A883-BF2680049238}.Debug|x86.ActiveCfg = Debug|Any CPU
		{EC2A2FB9-50C5-4CC1-A883-BF2680049238}.Debug|x86.Build.0 = Debug|Any CPU
		{EC2A2FB9-50C5-4CC1-A883-BF2680049238}.Release|Any CPU.ActiveCfg = Release|Any CPU
		{EC2A2FB9-50C5-4CC1-A883-BF2680049238}.Release|Any CPU.Build.0 = Release|Any CPU
		{EC2A2FB9-50C5-4CC1-A883-BF2680049238}.Release|x64.ActiveCfg = Release|Any CPU
		{EC2A2FB9-50C5-4CC1-A883-BF2680049238}.Release|x64.Build.0 = Release|Any CPU
		{EC2A2FB9-50C5-4CC1-A883-BF2680049238}.Release|x86.ActiveCfg = Release|Any CPU
		{EC2A2FB9-50C5-4CC1-A883-BF2680049238}.Release|x86.Build.0 = Release|Any CPU
		{0A7E27E5-7285-499C-A290-61035D8C7C7A}.Debug|Any CPU.ActiveCfg = Debug|Any CPU
		{0A7E27E5-7285-499C-A290-61035D8C7C7A}.Debug|Any CPU.Build.0 = Debug|Any CPU
		{0A7E27E5-7285-499C-A290-61035D8C7C7A}.Debug|x64.ActiveCfg = Debug|Any CPU
		{0A7E27E5-7285-499C-A290-61035D8C7C7A}.Debug|x64.Build.0 = Debug|Any CPU
		{0A7E27E5-7285-499C-A290-61035D8C7C7A}.Debug|x86.ActiveCfg = Debug|Any CPU
		{0A7E27E5-7285-499C-A290-61035D8C7C7A}.Debug|x86.Build.0 = Debug|Any CPU
		{0A7E27E5-7285-499C-A290-61035D8C7C7A}.Release|Any CPU.ActiveCfg = Release|Any CPU
		{0A7E27E5-7285-499C-A290-61035D8C7C7A}.Release|Any CPU.Build.0 = Release|Any CPU
		{0A7E27E5-7285-499C-A290-61035D8C7C7A}.Release|x64.ActiveCfg = Release|Any CPU
		{0A7E27E5-7285-499C-A290-61035D8C7C7A}.Release|x64.Build.0 = Release|Any CPU
		{0A7E27E5-7285-499C-A290-61035D8C7C7A}.Release|x86.ActiveCfg = Release|Any CPU
		{0A7E27E5-7285-499C-A290-61035D8C7C7A}.Release|x86.Build.0 = Release|Any CPU
		{2A8CD88D-E5B9-4668-9712-101A240892DC}.Debug|Any CPU.ActiveCfg = Debug|Any CPU
		{2A8CD88D-E5B9-4668-9712-101A240892DC}.Debug|Any CPU.Build.0 = Debug|Any CPU
		{2A8CD88D-E5B9-4668-9712-101A240892DC}.Debug|x64.ActiveCfg = Debug|Any CPU
		{2A8CD88D-E5B9-4668-9712-101A240892DC}.Debug|x64.Build.0 = Debug|Any CPU
		{2A8CD88D-E5B9-4668-9712-101A240892DC}.Debug|x86.ActiveCfg = Debug|Any CPU
		{2A8CD88D-E5B9-4668-9712-101A240892DC}.Debug|x86.Build.0 = Debug|Any CPU
		{2A8CD88D-E5B9-4668-9712-101A240892DC}.Release|Any CPU.ActiveCfg = Release|Any CPU
		{2A8CD88D-E5B9-4668-9712-101A240892DC}.Release|Any CPU.Build.0 = Release|Any CPU
		{2A8CD88D-E5B9-4668-9712-101A240892DC}.Release|x64.ActiveCfg = Release|Any CPU
		{2A8CD88D-E5B9-4668-9712-101A240892DC}.Release|x64.Build.0 = Release|Any CPU
		{2A8CD88D-E5B9-4668-9712-101A240892DC}.Release|x86.ActiveCfg = Release|Any CPU
		{2A8CD88D-E5B9-4668-9712-101A240892DC}.Release|x86.Build.0 = Release|Any CPU
		{557B4D2F-0B4E-47CB-A0B1-501C4495669D}.Debug|Any CPU.ActiveCfg = Debug|Any CPU
		{557B4D2F-0B4E-47CB-A0B1-501C4495669D}.Debug|Any CPU.Build.0 = Debug|Any CPU
		{557B4D2F-0B4E-47CB-A0B1-501C4495669D}.Debug|x64.ActiveCfg = Debug|Any CPU
		{557B4D2F-0B4E-47CB-A0B1-501C4495669D}.Debug|x64.Build.0 = Debug|Any CPU
		{557B4D2F-0B4E-47CB-A0B1-501C4495669D}.Debug|x86.ActiveCfg = Debug|Any CPU
		{557B4D2F-0B4E-47CB-A0B1-501C4495669D}.Debug|x86.Build.0 = Debug|Any CPU
		{557B4D2F-0B4E-47CB-A0B1-501C4495669D}.Release|Any CPU.ActiveCfg = Release|Any CPU
		{557B4D2F-0B4E-47CB-A0B1-501C4495669D}.Release|Any CPU.Build.0 = Release|Any CPU
		{557B4D2F-0B4E-47CB-A0B1-501C4495669D}.Release|x64.ActiveCfg = Release|Any CPU
		{557B4D2F-0B4E-47CB-A0B1-501C4495669D}.Release|x64.Build.0 = Release|Any CPU
		{557B4D2F-0B4E-47CB-A0B1-501C4495669D}.Release|x86.ActiveCfg = Release|Any CPU
		{557B4D2F-0B4E-47CB-A0B1-501C4495669D}.Release|x86.Build.0 = Release|Any CPU
	EndGlobalSection
	GlobalSection(SolutionProperties) = preSolution
		HideSolutionNode = FALSE
	EndGlobalSection
	GlobalSection(NestedProjects) = preSolution
		{1900CB8A-C36C-EE6B-7074-72B37AE43150} = {EDCC936F-3580-6108-C946-99C59F458579}
		{8460D90C-84A5-4106-9A6C-43565388DFCB} = {8CBEE143-B97E-4971-94F5-A4DD6BAFBCB1}
		{E0DDFD33-B6E3-4F53-9AB5-F3E1B83B1539} = {8460D90C-84A5-4106-9A6C-43565388DFCB}
		{3344C204-1DA6-46FE-A1B5-97D2F7977782} = {8460D90C-84A5-4106-9A6C-43565388DFCB}
		{E782CD49-20B4-4430-ABBC-30A8252D6E90} = {8460D90C-84A5-4106-9A6C-43565388DFCB}
		{494FADA1-D149-4B58-8ED5-D72A2D686636} = {8460D90C-84A5-4106-9A6C-43565388DFCB}
		{EC2A2FB9-50C5-4CC1-A883-BF2680049238} = {8460D90C-84A5-4106-9A6C-43565388DFCB}
		{0A7E27E5-7285-499C-A290-61035D8C7C7A} = {8460D90C-84A5-4106-9A6C-43565388DFCB}
		{2A8CD88D-E5B9-4668-9712-101A240892DC} = {8460D90C-84A5-4106-9A6C-43565388DFCB}
		{557B4D2F-0B4E-47CB-A0B1-501C4495669D} = {8460D90C-84A5-4106-9A6C-43565388DFCB}
	EndGlobalSection
	GlobalSection(ExtensibilityGlobals) = postSolution
		SolutionGuid = {8BF2F2D0-23BC-4319-B17A-877D491456FB}
	EndGlobalSection
EndGlobal
