
Microsoft Visual Studio Solution File, Format Version 12.00
# Visual Studio Version 17
VisualStudioVersion = 17.5.2.0
MinimumVisualStudioVersion = 10.0.40219.1
Project("{2150E333-8FDC-42A3-9474-1A3956D46DE8}") = "week 0", "week 0", "{EDCC936F-3580-6108-C946-99C59F458579}"
EndProject
Project("{FAE04EC0-301F-11D3-BF4B-00C04F79EFBC}") = "HelloWorld", "week 0\HelloWorld\HelloWorld.csproj", "{1900CB8A-C36C-EE6B-7074-72B37AE43150}"
EndProject
Project("{2150E333-8FDC-42A3-9474-1A3956D46DE8}") = "week 1", "week 1", "{8CBEE143-B97E-4971-94F5-A4DD6BAFBCB1}"
EndProject
Project("{2150E333-8FDC-42A3-9474-1A3956D46DE8}") = "1.1", "1.1", "{8460D90C-84A5-4106-9A6C-43565388DFCB}"
EndProject
Project("{FAE04EC0-301F-11D3-BF4B-00C04F79EFBC}") = "t02", "week 1\1.1\t02\t02.csproj", "{E0DDFD33-B6E3-4F53-9AB5-F3E1B83B1539}"
EndProject
Project("{FAE04EC0-301F-11D3-BF4B-00C04F79EFBC}") = "t03", "week 1\1.1\t03\t03.csproj", "{3344C204-1DA6-46FE-A1B5-97D2F7977782}"
EndProject
Project("{FAE04EC0-301F-11D3-BF4B-00C04F79EFBC}") = "t04", "week 1\1.1\t04\t04.csproj", "{E782CD49-20B4-4430-ABBC-30A8252D6E90}"
EndProject
Project("{FAE04EC0-301F-11D3-BF4B-00C04F79EFBC}") = "t05", "week 1\1.1\t05\t05.csproj", "{494FADA1-D149-4B58-8ED5-D72A2D686636}"
EndProject
Project("{FAE04EC0-301F-11D3-BF4B-00C04F79EFBC}") = "t06", "week 1\1.1\t06\t06.csproj", "{EC2A2FB9-50C5-4CC1-A883-BF2680049238}"
EndProject
Project("{FAE04EC0-301F-11D3-BF4B-00C04F79EFBC}") = "t07", "week 1\1.1\t07\t07.csproj", "{0A7E27E5-7285-499C-A290-61035D8C7C7A}"
EndProject
Project("{FAE04EC0-301F-11D3-BF4B-00C04F79EFBC}") = "t08", "week 1\1.1\t08\t08.csproj", "{2A8CD88D-E5B9-4668-9712-101A240892DC}"
EndProject
Project("{FAE04EC0-301F-11D3-BF4B-00C04F79EFBC}") = "t09", "week 1\1.1\t09\t09.csproj", "{557B4D2F-0B4E-47CB-A0B1-501C4495669D}"
EndProject
Project("{FAE04EC0-301F-11D3-BF4B-00C04F79EFBC}") = "t10", "week 1\1.1\t10\t10.csproj", "{1EBBA480-191F-4971-A966-049F15C09DDE}"
EndProject
Project("{2150E333-8FDC-42A3-9474-1A3956D46DE8}") = "1.2", "1.2", "{F98E2F4C-5B00-47C5-A97A-B3306A0E8CF0}"
EndProject
Project("{FAE04EC0-301F-11D3-BF4B-00C04F79EFBC}") = "o01", "week 1\1.2\o01\o01.csproj", "{3127B697-7B8E-4E38-9B94-E5E5E092383D}"
EndProject
Project("{FAE04EC0-301F-11D3-BF4B-00C04F79EFBC}") = "o02", "week 1\1.2\o02\o02.csproj", "{F19909DE-5786-4E76-8DB2-CB1F2486C4C5}"
EndProject
Project("{FAE04EC0-301F-11D3-BF4B-00C04F79EFBC}") = "o03", "week 1\1.2\o03\o03.csproj", "{859652E6-A41E-4D2A-8CA3-97C13498CF64}"
EndProject
Project("{FAE04EC0-301F-11D3-BF4B-00C04F79EFBC}") = "o04", "week 1\1.2\o04\o04.csproj", "{8F45AF19-3214-48B4-A578-C30E456B3AF7}"
EndProject
Project("{2150E333-8FDC-42A3-9474-1A3956D46DE8}") = "2.1", "2.1", "{ABDA7B11-7D3F-42AD-A54F-F92F1351C00B}"
EndProject
Project("{FAE04EC0-301F-11D3-BF4B-00C04F79EFBC}") = "t01", "week 1\2.1\t01\t01.csproj", "{6BFC6CB5-A559-4E8A-A08E-385B42F48F9D}"
EndProject
Project("{FAE04EC0-301F-11D3-BF4B-00C04F79EFBC}") = "t02", "week 1\2.1\t02\t02.csproj", "{45F7B217-A4F3-4253-95DC-9F30B0A71EF7}"
EndProject
Project("{FAE04EC0-301F-11D3-BF4B-00C04F79EFBC}") = "t03", "week 1\2.1\t03\t03.csproj", "{B1B8EE7A-30F8-40AF-A1B1-69550071E5A9}"
EndProject
Project("{FAE04EC0-301F-11D3-BF4B-00C04F79EFBC}") = "t04", "week 1\2.1\t04\t04.csproj", "{DEC1DC4E-B1DD-4C51-A2A6-C9D597DCCBBC}"
EndProject
Project("{FAE04EC0-301F-11D3-BF4B-00C04F79EFBC}") = "t05", "week 1\2.1\t05\t05.csproj", "{F2CACA4F-B8EC-45D7-A828-71FB52E85708}"
EndProject
Project("{FAE04EC0-301F-11D3-BF4B-00C04F79EFBC}") = "t06", "week 1\2.1\t06\t06.csproj", "{EF682C6F-F64F-4E00-B55C-D07C6948D912}"
EndProject
Project("{FAE04EC0-301F-11D3-BF4B-00C04F79EFBC}") = "t07", "week 1\2.1\t07\t07.csproj", "{E6E22F64-ECA5-4CF3-B9A7-77687FD15FFD}"
EndProject
Project("{FAE04EC0-301F-11D3-BF4B-00C04F79EFBC}") = "t08", "week 1\2.1\t08\t08.csproj", "{470F0631-B932-4EA8-92C6-4FA376085A53}"
EndProject
Project("{FAE04EC0-301F-11D3-BF4B-00C04F79EFBC}") = "t09a", "week 1\2.1\t09a\t09a.csproj", "{8E95E988-E0F8-40CB-A1E4-51E30179C5D3}"
EndProject
Project("{FAE04EC0-301F-11D3-BF4B-00C04F79EFBC}") = "t09b", "week 1\2.1\t09b\t09b.csproj", "{DE9F6782-C9F7-43B4-A380-D9CCBB7E1B05}"
EndProject
Project("{FAE04EC0-301F-11D3-BF4B-00C04F79EFBC}") = "t10", "week 1\2.1\t10\t10.csproj", "{FE6853CF-9918-48FA-8528-DFD8AA6608BB}"
EndProject
Project("{FAE04EC0-301F-11D3-BF4B-00C04F79EFBC}") = "t11", "week 1\2.1\t11\t11.csproj", "{FC775C0E-88B0-47E3-99FF-5F3280C160CE}"
EndProject
Project("{2150E333-8FDC-42A3-9474-1A3956D46DE8}") = "2.2", "2.2", "{0663A5EE-9572-4E6F-B819-4FBD70813147}"
EndProject
Project("{FAE04EC0-301F-11D3-BF4B-00C04F79EFBC}") = "o01", "week 1\2.2\o01\o01.csproj", "{594DC623-0F11-4B5A-8374-89BABDB1980A}"
EndProject
Project("{FAE04EC0-301F-11D3-BF4B-00C04F79EFBC}") = "o02", "week 1\2.2\o02\o02.csproj", "{D86263B5-A478-4F2E-8711-E26AF1B62086}"
EndProject
Project("{FAE04EC0-301F-11D3-BF4B-00C04F79EFBC}") = "o03", "week 1\2.2\o03\o03.csproj", "{F28D1C61-5085-44E1-8212-04A5B1086604}"
EndProject
Project("{FAE04EC0-301F-11D3-BF4B-00C04F79EFBC}") = "les1", "les1\les1.csproj", "{5B2D659D-5DF9-44CC-8B18-9FACC9AA56F3}"
EndProject
Project("{FAE04EC0-301F-11D3-BF4B-00C04F79EFBC}") = "o04", "week 1\2.2\o04\o04.csproj", "{0336B958-6EA0-4F42-802B-508DA25594E8}"
EndProject
Project("{FAE04EC0-301F-11D3-BF4B-00C04F79EFBC}") = "o05", "week 1\2.2\o05\o05.csproj", "{410E241C-6787-4F8F-9F2D-810A2182EF64}"
EndProject
Project("{FAE04EC0-301F-11D3-BF4B-00C04F79EFBC}") = "o06", "week 1\2.2\o06\o06.csproj", "{4CA68D5D-CA7E-4B32-91EE-3A4552AD9922}"
EndProject
Project("{FAE04EC0-301F-11D3-BF4B-00C04F79EFBC}") = "o07", "week 1\2.2\o07\o07.csproj", "{8B839944-D4C1-48F3-8654-085D3C989E08}"
EndProject
Project("{FAE04EC0-301F-11D3-BF4B-00C04F79EFBC}") = "o08", "week 1\2.2\o08\o08.csproj", "{30264237-C5C2-4927-ABF7-3D5DBA6F6F9B}"
EndProject
Project("{FAE04EC0-301F-11D3-BF4B-00C04F79EFBC}") = "o09", "week 1\2.2\o09\o09.csproj", "{79660D09-F996-41F7-8BB5-9CDBF9B76DD7}"
EndProject
Project("{2150E333-8FDC-42A3-9474-1A3956D46DE8}") = "week 2", "week 2", "{F4229B08-A596-4923-B27C-C82BE0992D27}"
EndProject
Project("{2150E333-8FDC-42A3-9474-1A3956D46DE8}") = "1.1", "1.1", "{527B9054-FDE9-4AF4-B81F-A55CC20C68E4}"
EndProject
Project("{FAE04EC0-301F-11D3-BF4B-00C04F79EFBC}") = "t01", "week 2\1.1\t01\t01.csproj", "{9F1AD3A0-5870-421C-B2A4-3F4FD59B0A58}"
EndProject
Project("{FAE04EC0-301F-11D3-BF4B-00C04F79EFBC}") = "t02", "week 2\1.1\t02\t02.csproj", "{735D72A8-8AAC-4F74-9D3F-9484C5A4298C}"
EndProject
Project("{FAE04EC0-301F-11D3-BF4B-00C04F79EFBC}") = "t03", "week 2\1.1\t03\t03.csproj", "{5C95B9FA-C835-4A75-BCE9-00E9BB1F2ECF}"
EndProject
Project("{FAE04EC0-301F-11D3-BF4B-00C04F79EFBC}") = "greeting", "greeting\greeting.csproj", "{DF3A96D4-E8C5-4EF2-9E26-5B663FC9547B}"
EndProject
Project("{FAE04EC0-301F-11D3-BF4B-00C04F79EFBC}") = "t04", "week 2\1.1\t04\t04.csproj", "{A34E81E0-CCE9-44F2-9555-138FB40946AF}"
EndProject
Project("{FAE04EC0-301F-11D3-BF4B-00C04F79EFBC}") = "t05", "week 2\1.1\t05\t05.csproj", "{74ADCA4A-D475-44EC-8733-A077D438C78E}"
EndProject
Project("{FAE04EC0-301F-11D3-BF4B-00C04F79EFBC}") = "t06", "week 2\1.1\t06\t06.csproj", "{0C2C0234-6CC7-42AA-A0C5-569F30E020E1}"
EndProject
Project("{FAE04EC0-301F-11D3-BF4B-00C04F79EFBC}") = "t07", "week 2\1.1\t07\t07.csproj", "{C0DDFBFA-DF2B-427A-80CB-54300D0C2E90}"
EndProject
Project("{FAE04EC0-301F-11D3-BF4B-00C04F79EFBC}") = "t08", "week 2\1.1\t08\t08.csproj", "{13C1E3BB-1B1F-4378-A086-975469FBB1E1}"
EndProject
Project("{FAE04EC0-301F-11D3-BF4B-00C04F79EFBC}") = "t09", "week 2\1.1\t09\t09.csproj", "{2C90FA1E-A531-4E2E-84CE-398E5431A909}"
EndProject
Project("{FAE04EC0-301F-11D3-BF4B-00C04F79EFBC}") = "t10", "week 2\1.1\t10\t10.csproj", "{C9B6F54E-B464-41D5-A926-18288A98C2FD}"
EndProject
Project("{2150E333-8FDC-42A3-9474-1A3956D46DE8}") = "1.2", "1.2", "{E9C33296-E028-4A12-9544-B48C176D3563}"
EndProject
Project("{FAE04EC0-301F-11D3-BF4B-00C04F79EFBC}") = "o01", "week 2\1.2\o01\o01.csproj", "{03D392F5-8564-42C1-9758-19953F466AEA}"
EndProject
Project("{FAE04EC0-301F-11D3-BF4B-00C04F79EFBC}") = "o02", "week 2\1.2\o02\o02.csproj", "{FE5985D1-6C41-4948-A2BC-108907BAB7F6}"
EndProject
Project("{FAE04EC0-301F-11D3-BF4B-00C04F79EFBC}") = "classProject", "classProject\classProject.csproj", "{501FDB37-C7AB-44E2-97CE-D9DBC6F66E1D}"
EndProject
Project("{FAE04EC0-301F-11D3-BF4B-00C04F79EFBC}") = "o03", "week 2\1.2\o03\o03.csproj", "{FDA63BF0-1E40-40E7-9F49-97F55AAE614E}"
EndProject
Project("{FAE04EC0-301F-11D3-BF4B-00C04F79EFBC}") = "o04", "week 2\1.2\o04\o04.csproj", "{165E8719-8C5C-4E31-B4C2-EE7F1474156C}"
EndProject
Project("{2150E333-8FDC-42A3-9474-1A3956D46DE8}") = "project", "project", "{E0161AF6-8D0F-4547-91D4-B74C0D2310EE}"
EndProject
Project("{FAE04EC0-301F-11D3-BF4B-00C04F79EFBC}") = "Working with SQL", "project\Working with SQL\Working with SQL.csproj", "{5411AC6C-25CD-4DCC-8021-3D90DAA771D9}"
EndProject
Project("{FAE04EC0-301F-11D3-BF4B-00C04F79EFBC}") = "exceptions", "exceptions\exceptions.csproj", "{6E14B571-F8CE-487F-8A32-8CD860015F31}"
EndProject
Project("{2150E333-8FDC-42A3-9474-1A3956D46DE8}") = "temp", "temp", "{A1C16C9A-26B6-443D-9B8C-A1E3E58DDAD4}"
EndProject
Project("{FAE04EC0-301F-11D3-BF4B-00C04F79EFBC}") = "staticness", "temp\staticness\staticness.csproj", "{B2406130-08AA-4DD2-AE15-C37A8CE35D26}"
EndProject
Project("{FAE04EC0-301F-11D3-BF4B-00C04F79EFBC}") = "Working with SQL & Dapper", "project\Working with SQL & Dapper\Working with SQL & Dapper.csproj", "{E9D36713-3AAA-4542-8715-BB5760FF22D9}"
EndProject
Project("{FAE04EC0-301F-11D3-BF4B-00C04F79EFBC}") = "o05", "week 2\1.2\o05\o05.csproj", "{5A587C4F-A5C6-4850-AB1D-7A03B0B4ACE6}"
EndProject
Project("{2150E333-8FDC-42A3-9474-1A3956D46DE8}") = "2.1", "2.1", "{78B2B714-565A-48BC-A5FB-F1AAC7A8012F}"
EndProject
Project("{FAE04EC0-301F-11D3-BF4B-00C04F79EFBC}") = "t01", "week 2\2.1\t01\t01.csproj", "{BD49CE97-4F22-4518-A6C4-38DF5A6BCD97}"
EndProject
Project("{FAE04EC0-301F-11D3-BF4B-00C04F79EFBC}") = "t02", "week 2\2.1\t02\t02.csproj", "{F3A79074-E43E-4E2E-ACFE-6067B78A4E0C}"
EndProject
Project("{FAE04EC0-301F-11D3-BF4B-00C04F79EFBC}") = "t03", "week 2\2.1\t03\t03.csproj", "{82D9A261-C302-4647-B0DB-C57901CAB285}"
EndProject
Project("{FAE04EC0-301F-11D3-BF4B-00C04F79EFBC}") = "t04", "week 2\2.1\t04\t04.csproj", "{212E2AF8-252C-4235-95F3-D37A885608D2}"
EndProject
Project("{FAE04EC0-301F-11D3-BF4B-00C04F79EFBC}") = "t05", "week 2\2.1\t05\t05.csproj", "{47A00A16-A1BE-42D2-A808-1B4780D8BB55}"
EndProject
Project("{FAE04EC0-301F-11D3-BF4B-00C04F79EFBC}") = "t06", "week 2\2.1\t06\t06.csproj", "{AA2BDBA8-CCE6-4D59-94F5-71C212B34D54}"
EndProject
Project("{FAE04EC0-301F-11D3-BF4B-00C04F79EFBC}") = "t07", "week 2\2.1\t07\t07.csproj", "{DCA71BD9-F677-4A6C-B940-B4AC9E505CEB}"
EndProject
Project("{FAE04EC0-301F-11D3-BF4B-00C04F79EFBC}") = "t08", "week 2\2.1\t08\t08.csproj", "{04581E29-1BAC-48F5-8155-6A6C7C4B2F10}"
EndProject
Project("{FAE04EC0-301F-11D3-BF4B-00C04F79EFBC}") = "t09", "week 2\2.1\t09\t09.csproj", "{80B32D35-60D7-4456-AEBE-26C31405AA60}"
EndProject
Project("{2150E333-8FDC-42A3-9474-1A3956D46DE8}") = "2.2", "2.2", "{60684177-BC60-4564-A5C4-AEF434232F23}"
EndProject
Project("{FAE04EC0-301F-11D3-BF4B-00C04F79EFBC}") = "o01", "week 2\2.2\o01\o01.csproj", "{E8EE1B3E-EB00-4A07-9EC8-D9D877511A6A}"
EndProject
Project("{FAE04EC0-301F-11D3-BF4B-00C04F79EFBC}") = "o02", "week 2\2.2\o02\o02.csproj", "{CEA16B25-0112-48B6-B948-AECDCC66302E}"
EndProject
Project("{FAE04EC0-301F-11D3-BF4B-00C04F79EFBC}") = "o03", "week 2\2.2\o03\o03.csproj", "{87AB87FB-1B3B-4A05-ABFC-E63B4463B515}"
EndProject
Project("{FAE04EC0-301F-11D3-BF4B-00C04F79EFBC}") = "o04", "week 2\2.2\o04\o04.csproj", "{AF23C449-4986-4FF7-B8DB-FEA7EBD3B72E}"
EndProject
Global
	GlobalSection(SolutionConfigurationPlatforms) = preSolution
		Debug|Any CPU = Debug|Any CPU
		Debug|x64 = Debug|x64
		Debug|x86 = Debug|x86
		Release|Any CPU = Release|Any CPU
		Release|x64 = Release|x64
		Release|x86 = Release|x86
	EndGlobalSection
	GlobalSection(ProjectConfigurationPlatforms) = postSolution
		{1900CB8A-C36C-EE6B-7074-72B37AE43150}.Debug|Any CPU.ActiveCfg = Debug|Any CPU
		{1900CB8A-C36C-EE6B-7074-72B37AE43150}.Debug|Any CPU.Build.0 = Debug|Any CPU
		{1900CB8A-C36C-EE6B-7074-72B37AE43150}.Debug|x64.ActiveCfg = Debug|Any CPU
		{1900CB8A-C36C-EE6B-7074-72B37AE43150}.Debug|x64.Build.0 = Debug|Any CPU
		{1900CB8A-C36C-EE6B-7074-72B37AE43150}.Debug|x86.ActiveCfg = Debug|Any CPU
		{1900CB8A-C36C-EE6B-7074-72B37AE43150}.Debug|x86.Build.0 = Debug|Any CPU
		{1900CB8A-C36C-EE6B-7074-72B37AE43150}.Release|Any CPU.ActiveCfg = Release|Any CPU
		{1900CB8A-C36C-EE6B-7074-72B37AE43150}.Release|Any CPU.Build.0 = Release|Any CPU
		{1900CB8A-C36C-EE6B-7074-72B37AE43150}.Release|x64.ActiveCfg = Release|Any CPU
		{1900CB8A-C36C-EE6B-7074-72B37AE43150}.Release|x64.Build.0 = Release|Any CPU
		{1900CB8A-C36C-EE6B-7074-72B37AE43150}.Release|x86.ActiveCfg = Release|Any CPU
		{1900CB8A-C36C-EE6B-7074-72B37AE43150}.Release|x86.Build.0 = Release|Any CPU
		{05F4C6CF-A5CD-4A6D-8EC4-068DA4158916}.Debug|Any CPU.ActiveCfg = Debug|Any CPU
		{05F4C6CF-A5CD-4A6D-8EC4-068DA4158916}.Debug|Any CPU.Build.0 = Debug|Any CPU
		{05F4C6CF-A5CD-4A6D-8EC4-068DA4158916}.Debug|x64.ActiveCfg = Debug|Any CPU
		{05F4C6CF-A5CD-4A6D-8EC4-068DA4158916}.Debug|x64.Build.0 = Debug|Any CPU
		{05F4C6CF-A5CD-4A6D-8EC4-068DA4158916}.Debug|x86.ActiveCfg = Debug|Any CPU
		{05F4C6CF-A5CD-4A6D-8EC4-068DA4158916}.Debug|x86.Build.0 = Debug|Any CPU
		{05F4C6CF-A5CD-4A6D-8EC4-068DA4158916}.Release|Any CPU.ActiveCfg = Release|Any CPU
		{05F4C6CF-A5CD-4A6D-8EC4-068DA4158916}.Release|Any CPU.Build.0 = Release|Any CPU
		{05F4C6CF-A5CD-4A6D-8EC4-068DA4158916}.Release|x64.ActiveCfg = Release|Any CPU
		{05F4C6CF-A5CD-4A6D-8EC4-068DA4158916}.Release|x64.Build.0 = Release|Any CPU
		{05F4C6CF-A5CD-4A6D-8EC4-068DA4158916}.Release|x86.ActiveCfg = Release|Any CPU
		{05F4C6CF-A5CD-4A6D-8EC4-068DA4158916}.Release|x86.Build.0 = Release|Any CPU
		{E0DDFD33-B6E3-4F53-9AB5-F3E1B83B1539}.Debug|Any CPU.ActiveCfg = Debug|Any CPU
		{E0DDFD33-B6E3-4F53-9AB5-F3E1B83B1539}.Debug|Any CPU.Build.0 = Debug|Any CPU
		{E0DDFD33-B6E3-4F53-9AB5-F3E1B83B1539}.Debug|x64.ActiveCfg = Debug|Any CPU
		{E0DDFD33-B6E3-4F53-9AB5-F3E1B83B1539}.Debug|x64.Build.0 = Debug|Any CPU
		{E0DDFD33-B6E3-4F53-9AB5-F3E1B83B1539}.Debug|x86.ActiveCfg = Debug|Any CPU
		{E0DDFD33-B6E3-4F53-9AB5-F3E1B83B1539}.Debug|x86.Build.0 = Debug|Any CPU
		{E0DDFD33-B6E3-4F53-9AB5-F3E1B83B1539}.Release|Any CPU.ActiveCfg = Release|Any CPU
		{E0DDFD33-B6E3-4F53-9AB5-F3E1B83B1539}.Release|Any CPU.Build.0 = Release|Any CPU
		{E0DDFD33-B6E3-4F53-9AB5-F3E1B83B1539}.Release|x64.ActiveCfg = Release|Any CPU
		{E0DDFD33-B6E3-4F53-9AB5-F3E1B83B1539}.Release|x64.Build.0 = Release|Any CPU
		{E0DDFD33-B6E3-4F53-9AB5-F3E1B83B1539}.Release|x86.ActiveCfg = Release|Any CPU
		{E0DDFD33-B6E3-4F53-9AB5-F3E1B83B1539}.Release|x86.Build.0 = Release|Any CPU
		{3344C204-1DA6-46FE-A1B5-97D2F7977782}.Debug|Any CPU.ActiveCfg = Debug|Any CPU
		{3344C204-1DA6-46FE-A1B5-97D2F7977782}.Debug|Any CPU.Build.0 = Debug|Any CPU
		{3344C204-1DA6-46FE-A1B5-97D2F7977782}.Debug|x64.ActiveCfg = Debug|Any CPU
		{3344C204-1DA6-46FE-A1B5-97D2F7977782}.Debug|x64.Build.0 = Debug|Any CPU
		{3344C204-1DA6-46FE-A1B5-97D2F7977782}.Debug|x86.ActiveCfg = Debug|Any CPU
		{3344C204-1DA6-46FE-A1B5-97D2F7977782}.Debug|x86.Build.0 = Debug|Any CPU
		{3344C204-1DA6-46FE-A1B5-97D2F7977782}.Release|Any CPU.ActiveCfg = Release|Any CPU
		{3344C204-1DA6-46FE-A1B5-97D2F7977782}.Release|Any CPU.Build.0 = Release|Any CPU
		{3344C204-1DA6-46FE-A1B5-97D2F7977782}.Release|x64.ActiveCfg = Release|Any CPU
		{3344C204-1DA6-46FE-A1B5-97D2F7977782}.Release|x64.Build.0 = Release|Any CPU
		{3344C204-1DA6-46FE-A1B5-97D2F7977782}.Release|x86.ActiveCfg = Release|Any CPU
		{3344C204-1DA6-46FE-A1B5-97D2F7977782}.Release|x86.Build.0 = Release|Any CPU
		{E782CD49-20B4-4430-ABBC-30A8252D6E90}.Debug|Any CPU.ActiveCfg = Debug|Any CPU
		{E782CD49-20B4-4430-ABBC-30A8252D6E90}.Debug|Any CPU.Build.0 = Debug|Any CPU
		{E782CD49-20B4-4430-ABBC-30A8252D6E90}.Debug|x64.ActiveCfg = Debug|Any CPU
		{E782CD49-20B4-4430-ABBC-30A8252D6E90}.Debug|x64.Build.0 = Debug|Any CPU
		{E782CD49-20B4-4430-ABBC-30A8252D6E90}.Debug|x86.ActiveCfg = Debug|Any CPU
		{E782CD49-20B4-4430-ABBC-30A8252D6E90}.Debug|x86.Build.0 = Debug|Any CPU
		{E782CD49-20B4-4430-ABBC-30A8252D6E90}.Release|Any CPU.ActiveCfg = Release|Any CPU
		{E782CD49-20B4-4430-ABBC-30A8252D6E90}.Release|Any CPU.Build.0 = Release|Any CPU
		{E782CD49-20B4-4430-ABBC-30A8252D6E90}.Release|x64.ActiveCfg = Release|Any CPU
		{E782CD49-20B4-4430-ABBC-30A8252D6E90}.Release|x64.Build.0 = Release|Any CPU
		{E782CD49-20B4-4430-ABBC-30A8252D6E90}.Release|x86.ActiveCfg = Release|Any CPU
		{E782CD49-20B4-4430-ABBC-30A8252D6E90}.Release|x86.Build.0 = Release|Any CPU
		{494FADA1-D149-4B58-8ED5-D72A2D686636}.Debug|Any CPU.ActiveCfg = Debug|Any CPU
		{494FADA1-D149-4B58-8ED5-D72A2D686636}.Debug|Any CPU.Build.0 = Debug|Any CPU
		{494FADA1-D149-4B58-8ED5-D72A2D686636}.Debug|x64.ActiveCfg = Debug|Any CPU
		{494FADA1-D149-4B58-8ED5-D72A2D686636}.Debug|x64.Build.0 = Debug|Any CPU
		{494FADA1-D149-4B58-8ED5-D72A2D686636}.Debug|x86.ActiveCfg = Debug|Any CPU
		{494FADA1-D149-4B58-8ED5-D72A2D686636}.Debug|x86.Build.0 = Debug|Any CPU
		{494FADA1-D149-4B58-8ED5-D72A2D686636}.Release|Any CPU.ActiveCfg = Release|Any CPU
		{494FADA1-D149-4B58-8ED5-D72A2D686636}.Release|Any CPU.Build.0 = Release|Any CPU
		{494FADA1-D149-4B58-8ED5-D72A2D686636}.Release|x64.ActiveCfg = Release|Any CPU
		{494FADA1-D149-4B58-8ED5-D72A2D686636}.Release|x64.Build.0 = Release|Any CPU
		{494FADA1-D149-4B58-8ED5-D72A2D686636}.Release|x86.ActiveCfg = Release|Any CPU
		{494FADA1-D149-4B58-8ED5-D72A2D686636}.Release|x86.Build.0 = Release|Any CPU
		{EC2A2FB9-50C5-4CC1-A883-BF2680049238}.Debug|Any CPU.ActiveCfg = Debug|Any CPU
		{EC2A2FB9-50C5-4CC1-A883-BF2680049238}.Debug|Any CPU.Build.0 = Debug|Any CPU
		{EC2A2FB9-50C5-4CC1-A883-BF2680049238}.Debug|x64.ActiveCfg = Debug|Any CPU
		{EC2A2FB9-50C5-4CC1-A883-BF2680049238}.Debug|x64.Build.0 = Debug|Any CPU
		{EC2A2FB9-50C5-4CC1-A883-BF2680049238}.Debug|x86.ActiveCfg = Debug|Any CPU
		{EC2A2FB9-50C5-4CC1-A883-BF2680049238}.Debug|x86.Build.0 = Debug|Any CPU
		{EC2A2FB9-50C5-4CC1-A883-BF2680049238}.Release|Any CPU.ActiveCfg = Release|Any CPU
		{EC2A2FB9-50C5-4CC1-A883-BF2680049238}.Release|Any CPU.Build.0 = Release|Any CPU
		{EC2A2FB9-50C5-4CC1-A883-BF2680049238}.Release|x64.ActiveCfg = Release|Any CPU
		{EC2A2FB9-50C5-4CC1-A883-BF2680049238}.Release|x64.Build.0 = Release|Any CPU
		{EC2A2FB9-50C5-4CC1-A883-BF2680049238}.Release|x86.ActiveCfg = Release|Any CPU
		{EC2A2FB9-50C5-4CC1-A883-BF2680049238}.Release|x86.Build.0 = Release|Any CPU
		{0A7E27E5-7285-499C-A290-61035D8C7C7A}.Debug|Any CPU.ActiveCfg = Debug|Any CPU
		{0A7E27E5-7285-499C-A290-61035D8C7C7A}.Debug|Any CPU.Build.0 = Debug|Any CPU
		{0A7E27E5-7285-499C-A290-61035D8C7C7A}.Debug|x64.ActiveCfg = Debug|Any CPU
		{0A7E27E5-7285-499C-A290-61035D8C7C7A}.Debug|x64.Build.0 = Debug|Any CPU
		{0A7E27E5-7285-499C-A290-61035D8C7C7A}.Debug|x86.ActiveCfg = Debug|Any CPU
		{0A7E27E5-7285-499C-A290-61035D8C7C7A}.Debug|x86.Build.0 = Debug|Any CPU
		{0A7E27E5-7285-499C-A290-61035D8C7C7A}.Release|Any CPU.ActiveCfg = Release|Any CPU
		{0A7E27E5-7285-499C-A290-61035D8C7C7A}.Release|Any CPU.Build.0 = Release|Any CPU
		{0A7E27E5-7285-499C-A290-61035D8C7C7A}.Release|x64.ActiveCfg = Release|Any CPU
		{0A7E27E5-7285-499C-A290-61035D8C7C7A}.Release|x64.Build.0 = Release|Any CPU
		{0A7E27E5-7285-499C-A290-61035D8C7C7A}.Release|x86.ActiveCfg = Release|Any CPU
		{0A7E27E5-7285-499C-A290-61035D8C7C7A}.Release|x86.Build.0 = Release|Any CPU
		{2A8CD88D-E5B9-4668-9712-101A240892DC}.Debug|Any CPU.ActiveCfg = Debug|Any CPU
		{2A8CD88D-E5B9-4668-9712-101A240892DC}.Debug|Any CPU.Build.0 = Debug|Any CPU
		{2A8CD88D-E5B9-4668-9712-101A240892DC}.Debug|x64.ActiveCfg = Debug|Any CPU
		{2A8CD88D-E5B9-4668-9712-101A240892DC}.Debug|x64.Build.0 = Debug|Any CPU
		{2A8CD88D-E5B9-4668-9712-101A240892DC}.Debug|x86.ActiveCfg = Debug|Any CPU
		{2A8CD88D-E5B9-4668-9712-101A240892DC}.Debug|x86.Build.0 = Debug|Any CPU
		{2A8CD88D-E5B9-4668-9712-101A240892DC}.Release|Any CPU.ActiveCfg = Release|Any CPU
		{2A8CD88D-E5B9-4668-9712-101A240892DC}.Release|Any CPU.Build.0 = Release|Any CPU
		{2A8CD88D-E5B9-4668-9712-101A240892DC}.Release|x64.ActiveCfg = Release|Any CPU
		{2A8CD88D-E5B9-4668-9712-101A240892DC}.Release|x64.Build.0 = Release|Any CPU
		{2A8CD88D-E5B9-4668-9712-101A240892DC}.Release|x86.ActiveCfg = Release|Any CPU
		{2A8CD88D-E5B9-4668-9712-101A240892DC}.Release|x86.Build.0 = Release|Any CPU
		{557B4D2F-0B4E-47CB-A0B1-501C4495669D}.Debug|Any CPU.ActiveCfg = Debug|Any CPU
		{557B4D2F-0B4E-47CB-A0B1-501C4495669D}.Debug|Any CPU.Build.0 = Debug|Any CPU
		{557B4D2F-0B4E-47CB-A0B1-501C4495669D}.Debug|x64.ActiveCfg = Debug|Any CPU
		{557B4D2F-0B4E-47CB-A0B1-501C4495669D}.Debug|x64.Build.0 = Debug|Any CPU
		{557B4D2F-0B4E-47CB-A0B1-501C4495669D}.Debug|x86.ActiveCfg = Debug|Any CPU
		{557B4D2F-0B4E-47CB-A0B1-501C4495669D}.Debug|x86.Build.0 = Debug|Any CPU
		{557B4D2F-0B4E-47CB-A0B1-501C4495669D}.Release|Any CPU.ActiveCfg = Release|Any CPU
		{557B4D2F-0B4E-47CB-A0B1-501C4495669D}.Release|Any CPU.Build.0 = Release|Any CPU
		{557B4D2F-0B4E-47CB-A0B1-501C4495669D}.Release|x64.ActiveCfg = Release|Any CPU
		{557B4D2F-0B4E-47CB-A0B1-501C4495669D}.Release|x64.Build.0 = Release|Any CPU
		{557B4D2F-0B4E-47CB-A0B1-501C4495669D}.Release|x86.ActiveCfg = Release|Any CPU
		{557B4D2F-0B4E-47CB-A0B1-501C4495669D}.Release|x86.Build.0 = Release|Any CPU
		{1EBBA480-191F-4971-A966-049F15C09DDE}.Debug|Any CPU.ActiveCfg = Debug|Any CPU
		{1EBBA480-191F-4971-A966-049F15C09DDE}.Debug|Any CPU.Build.0 = Debug|Any CPU
		{1EBBA480-191F-4971-A966-049F15C09DDE}.Debug|x64.ActiveCfg = Debug|Any CPU
		{1EBBA480-191F-4971-A966-049F15C09DDE}.Debug|x64.Build.0 = Debug|Any CPU
		{1EBBA480-191F-4971-A966-049F15C09DDE}.Debug|x86.ActiveCfg = Debug|Any CPU
		{1EBBA480-191F-4971-A966-049F15C09DDE}.Debug|x86.Build.0 = Debug|Any CPU
		{1EBBA480-191F-4971-A966-049F15C09DDE}.Release|Any CPU.ActiveCfg = Release|Any CPU
		{1EBBA480-191F-4971-A966-049F15C09DDE}.Release|Any CPU.Build.0 = Release|Any CPU
		{1EBBA480-191F-4971-A966-049F15C09DDE}.Release|x64.ActiveCfg = Release|Any CPU
		{1EBBA480-191F-4971-A966-049F15C09DDE}.Release|x64.Build.0 = Release|Any CPU
		{1EBBA480-191F-4971-A966-049F15C09DDE}.Release|x86.ActiveCfg = Release|Any CPU
		{1EBBA480-191F-4971-A966-049F15C09DDE}.Release|x86.Build.0 = Release|Any CPU
		{3127B697-7B8E-4E38-9B94-E5E5E092383D}.Debug|Any CPU.ActiveCfg = Debug|Any CPU
		{3127B697-7B8E-4E38-9B94-E5E5E092383D}.Debug|Any CPU.Build.0 = Debug|Any CPU
		{3127B697-7B8E-4E38-9B94-E5E5E092383D}.Debug|x64.ActiveCfg = Debug|Any CPU
		{3127B697-7B8E-4E38-9B94-E5E5E092383D}.Debug|x64.Build.0 = Debug|Any CPU
		{3127B697-7B8E-4E38-9B94-E5E5E092383D}.Debug|x86.ActiveCfg = Debug|Any CPU
		{3127B697-7B8E-4E38-9B94-E5E5E092383D}.Debug|x86.Build.0 = Debug|Any CPU
		{3127B697-7B8E-4E38-9B94-E5E5E092383D}.Release|Any CPU.ActiveCfg = Release|Any CPU
		{3127B697-7B8E-4E38-9B94-E5E5E092383D}.Release|Any CPU.Build.0 = Release|Any CPU
		{3127B697-7B8E-4E38-9B94-E5E5E092383D}.Release|x64.ActiveCfg = Release|Any CPU
		{3127B697-7B8E-4E38-9B94-E5E5E092383D}.Release|x64.Build.0 = Release|Any CPU
		{3127B697-7B8E-4E38-9B94-E5E5E092383D}.Release|x86.ActiveCfg = Release|Any CPU
		{3127B697-7B8E-4E38-9B94-E5E5E092383D}.Release|x86.Build.0 = Release|Any CPU
		{F19909DE-5786-4E76-8DB2-CB1F2486C4C5}.Debug|Any CPU.ActiveCfg = Debug|Any CPU
		{F19909DE-5786-4E76-8DB2-CB1F2486C4C5}.Debug|Any CPU.Build.0 = Debug|Any CPU
		{F19909DE-5786-4E76-8DB2-CB1F2486C4C5}.Debug|x64.ActiveCfg = Debug|Any CPU
		{F19909DE-5786-4E76-8DB2-CB1F2486C4C5}.Debug|x64.Build.0 = Debug|Any CPU
		{F19909DE-5786-4E76-8DB2-CB1F2486C4C5}.Debug|x86.ActiveCfg = Debug|Any CPU
		{F19909DE-5786-4E76-8DB2-CB1F2486C4C5}.Debug|x86.Build.0 = Debug|Any CPU
		{F19909DE-5786-4E76-8DB2-CB1F2486C4C5}.Release|Any CPU.ActiveCfg = Release|Any CPU
		{F19909DE-5786-4E76-8DB2-CB1F2486C4C5}.Release|Any CPU.Build.0 = Release|Any CPU
		{F19909DE-5786-4E76-8DB2-CB1F2486C4C5}.Release|x64.ActiveCfg = Release|Any CPU
		{F19909DE-5786-4E76-8DB2-CB1F2486C4C5}.Release|x64.Build.0 = Release|Any CPU
		{F19909DE-5786-4E76-8DB2-CB1F2486C4C5}.Release|x86.ActiveCfg = Release|Any CPU
		{F19909DE-5786-4E76-8DB2-CB1F2486C4C5}.Release|x86.Build.0 = Release|Any CPU
		{859652E6-A41E-4D2A-8CA3-97C13498CF64}.Debug|Any CPU.ActiveCfg = Debug|Any CPU
		{859652E6-A41E-4D2A-8CA3-97C13498CF64}.Debug|Any CPU.Build.0 = Debug|Any CPU
		{859652E6-A41E-4D2A-8CA3-97C13498CF64}.Debug|x64.ActiveCfg = Debug|Any CPU
		{859652E6-A41E-4D2A-8CA3-97C13498CF64}.Debug|x64.Build.0 = Debug|Any CPU
		{859652E6-A41E-4D2A-8CA3-97C13498CF64}.Debug|x86.ActiveCfg = Debug|Any CPU
		{859652E6-A41E-4D2A-8CA3-97C13498CF64}.Debug|x86.Build.0 = Debug|Any CPU
		{859652E6-A41E-4D2A-8CA3-97C13498CF64}.Release|Any CPU.ActiveCfg = Release|Any CPU
		{859652E6-A41E-4D2A-8CA3-97C13498CF64}.Release|Any CPU.Build.0 = Release|Any CPU
		{859652E6-A41E-4D2A-8CA3-97C13498CF64}.Release|x64.ActiveCfg = Release|Any CPU
		{859652E6-A41E-4D2A-8CA3-97C13498CF64}.Release|x64.Build.0 = Release|Any CPU
		{859652E6-A41E-4D2A-8CA3-97C13498CF64}.Release|x86.ActiveCfg = Release|Any CPU
		{859652E6-A41E-4D2A-8CA3-97C13498CF64}.Release|x86.Build.0 = Release|Any CPU
		{8F45AF19-3214-48B4-A578-C30E456B3AF7}.Debug|Any CPU.ActiveCfg = Debug|Any CPU
		{8F45AF19-3214-48B4-A578-C30E456B3AF7}.Debug|Any CPU.Build.0 = Debug|Any CPU
		{8F45AF19-3214-48B4-A578-C30E456B3AF7}.Debug|x64.ActiveCfg = Debug|Any CPU
		{8F45AF19-3214-48B4-A578-C30E456B3AF7}.Debug|x64.Build.0 = Debug|Any CPU
		{8F45AF19-3214-48B4-A578-C30E456B3AF7}.Debug|x86.ActiveCfg = Debug|Any CPU
		{8F45AF19-3214-48B4-A578-C30E456B3AF7}.Debug|x86.Build.0 = Debug|Any CPU
		{8F45AF19-3214-48B4-A578-C30E456B3AF7}.Release|Any CPU.ActiveCfg = Release|Any CPU
		{8F45AF19-3214-48B4-A578-C30E456B3AF7}.Release|Any CPU.Build.0 = Release|Any CPU
		{8F45AF19-3214-48B4-A578-C30E456B3AF7}.Release|x64.ActiveCfg = Release|Any CPU
		{8F45AF19-3214-48B4-A578-C30E456B3AF7}.Release|x64.Build.0 = Release|Any CPU
		{8F45AF19-3214-48B4-A578-C30E456B3AF7}.Release|x86.ActiveCfg = Release|Any CPU
		{8F45AF19-3214-48B4-A578-C30E456B3AF7}.Release|x86.Build.0 = Release|Any CPU
		{6BFC6CB5-A559-4E8A-A08E-385B42F48F9D}.Debug|Any CPU.ActiveCfg = Debug|Any CPU
		{6BFC6CB5-A559-4E8A-A08E-385B42F48F9D}.Debug|Any CPU.Build.0 = Debug|Any CPU
		{6BFC6CB5-A559-4E8A-A08E-385B42F48F9D}.Debug|x64.ActiveCfg = Debug|Any CPU
		{6BFC6CB5-A559-4E8A-A08E-385B42F48F9D}.Debug|x64.Build.0 = Debug|Any CPU
		{6BFC6CB5-A559-4E8A-A08E-385B42F48F9D}.Debug|x86.ActiveCfg = Debug|Any CPU
		{6BFC6CB5-A559-4E8A-A08E-385B42F48F9D}.Debug|x86.Build.0 = Debug|Any CPU
		{6BFC6CB5-A559-4E8A-A08E-385B42F48F9D}.Release|Any CPU.ActiveCfg = Release|Any CPU
		{6BFC6CB5-A559-4E8A-A08E-385B42F48F9D}.Release|Any CPU.Build.0 = Release|Any CPU
		{6BFC6CB5-A559-4E8A-A08E-385B42F48F9D}.Release|x64.ActiveCfg = Release|Any CPU
		{6BFC6CB5-A559-4E8A-A08E-385B42F48F9D}.Release|x64.Build.0 = Release|Any CPU
		{6BFC6CB5-A559-4E8A-A08E-385B42F48F9D}.Release|x86.ActiveCfg = Release|Any CPU
		{6BFC6CB5-A559-4E8A-A08E-385B42F48F9D}.Release|x86.Build.0 = Release|Any CPU
		{45F7B217-A4F3-4253-95DC-9F30B0A71EF7}.Debug|Any CPU.ActiveCfg = Debug|Any CPU
		{45F7B217-A4F3-4253-95DC-9F30B0A71EF7}.Debug|Any CPU.Build.0 = Debug|Any CPU
		{45F7B217-A4F3-4253-95DC-9F30B0A71EF7}.Debug|x64.ActiveCfg = Debug|Any CPU
		{45F7B217-A4F3-4253-95DC-9F30B0A71EF7}.Debug|x64.Build.0 = Debug|Any CPU
		{45F7B217-A4F3-4253-95DC-9F30B0A71EF7}.Debug|x86.ActiveCfg = Debug|Any CPU
		{45F7B217-A4F3-4253-95DC-9F30B0A71EF7}.Debug|x86.Build.0 = Debug|Any CPU
		{45F7B217-A4F3-4253-95DC-9F30B0A71EF7}.Release|Any CPU.ActiveCfg = Release|Any CPU
		{45F7B217-A4F3-4253-95DC-9F30B0A71EF7}.Release|Any CPU.Build.0 = Release|Any CPU
		{45F7B217-A4F3-4253-95DC-9F30B0A71EF7}.Release|x64.ActiveCfg = Release|Any CPU
		{45F7B217-A4F3-4253-95DC-9F30B0A71EF7}.Release|x64.Build.0 = Release|Any CPU
		{45F7B217-A4F3-4253-95DC-9F30B0A71EF7}.Release|x86.ActiveCfg = Release|Any CPU
		{45F7B217-A4F3-4253-95DC-9F30B0A71EF7}.Release|x86.Build.0 = Release|Any CPU
		{B1B8EE7A-30F8-40AF-A1B1-69550071E5A9}.Debug|Any CPU.ActiveCfg = Debug|Any CPU
		{B1B8EE7A-30F8-40AF-A1B1-69550071E5A9}.Debug|Any CPU.Build.0 = Debug|Any CPU
		{B1B8EE7A-30F8-40AF-A1B1-69550071E5A9}.Debug|x64.ActiveCfg = Debug|Any CPU
		{B1B8EE7A-30F8-40AF-A1B1-69550071E5A9}.Debug|x64.Build.0 = Debug|Any CPU
		{B1B8EE7A-30F8-40AF-A1B1-69550071E5A9}.Debug|x86.ActiveCfg = Debug|Any CPU
		{B1B8EE7A-30F8-40AF-A1B1-69550071E5A9}.Debug|x86.Build.0 = Debug|Any CPU
		{B1B8EE7A-30F8-40AF-A1B1-69550071E5A9}.Release|Any CPU.ActiveCfg = Release|Any CPU
		{B1B8EE7A-30F8-40AF-A1B1-69550071E5A9}.Release|Any CPU.Build.0 = Release|Any CPU
		{B1B8EE7A-30F8-40AF-A1B1-69550071E5A9}.Release|x64.ActiveCfg = Release|Any CPU
		{B1B8EE7A-30F8-40AF-A1B1-69550071E5A9}.Release|x64.Build.0 = Release|Any CPU
		{B1B8EE7A-30F8-40AF-A1B1-69550071E5A9}.Release|x86.ActiveCfg = Release|Any CPU
		{B1B8EE7A-30F8-40AF-A1B1-69550071E5A9}.Release|x86.Build.0 = Release|Any CPU
		{DEC1DC4E-B1DD-4C51-A2A6-C9D597DCCBBC}.Debug|Any CPU.ActiveCfg = Debug|Any CPU
		{DEC1DC4E-B1DD-4C51-A2A6-C9D597DCCBBC}.Debug|Any CPU.Build.0 = Debug|Any CPU
		{DEC1DC4E-B1DD-4C51-A2A6-C9D597DCCBBC}.Debug|x64.ActiveCfg = Debug|Any CPU
		{DEC1DC4E-B1DD-4C51-A2A6-C9D597DCCBBC}.Debug|x64.Build.0 = Debug|Any CPU
		{DEC1DC4E-B1DD-4C51-A2A6-C9D597DCCBBC}.Debug|x86.ActiveCfg = Debug|Any CPU
		{DEC1DC4E-B1DD-4C51-A2A6-C9D597DCCBBC}.Debug|x86.Build.0 = Debug|Any CPU
		{DEC1DC4E-B1DD-4C51-A2A6-C9D597DCCBBC}.Release|Any CPU.ActiveCfg = Release|Any CPU
		{DEC1DC4E-B1DD-4C51-A2A6-C9D597DCCBBC}.Release|Any CPU.Build.0 = Release|Any CPU
		{DEC1DC4E-B1DD-4C51-A2A6-C9D597DCCBBC}.Release|x64.ActiveCfg = Release|Any CPU
		{DEC1DC4E-B1DD-4C51-A2A6-C9D597DCCBBC}.Release|x64.Build.0 = Release|Any CPU
		{DEC1DC4E-B1DD-4C51-A2A6-C9D597DCCBBC}.Release|x86.ActiveCfg = Release|Any CPU
		{DEC1DC4E-B1DD-4C51-A2A6-C9D597DCCBBC}.Release|x86.Build.0 = Release|Any CPU
		{F2CACA4F-B8EC-45D7-A828-71FB52E85708}.Debug|Any CPU.ActiveCfg = Debug|Any CPU
		{F2CACA4F-B8EC-45D7-A828-71FB52E85708}.Debug|Any CPU.Build.0 = Debug|Any CPU
		{F2CACA4F-B8EC-45D7-A828-71FB52E85708}.Debug|x64.ActiveCfg = Debug|Any CPU
		{F2CACA4F-B8EC-45D7-A828-71FB52E85708}.Debug|x64.Build.0 = Debug|Any CPU
		{F2CACA4F-B8EC-45D7-A828-71FB52E85708}.Debug|x86.ActiveCfg = Debug|Any CPU
		{F2CACA4F-B8EC-45D7-A828-71FB52E85708}.Debug|x86.Build.0 = Debug|Any CPU
		{F2CACA4F-B8EC-45D7-A828-71FB52E85708}.Release|Any CPU.ActiveCfg = Release|Any CPU
		{F2CACA4F-B8EC-45D7-A828-71FB52E85708}.Release|Any CPU.Build.0 = Release|Any CPU
		{F2CACA4F-B8EC-45D7-A828-71FB52E85708}.Release|x64.ActiveCfg = Release|Any CPU
		{F2CACA4F-B8EC-45D7-A828-71FB52E85708}.Release|x64.Build.0 = Release|Any CPU
		{F2CACA4F-B8EC-45D7-A828-71FB52E85708}.Release|x86.ActiveCfg = Release|Any CPU
		{F2CACA4F-B8EC-45D7-A828-71FB52E85708}.Release|x86.Build.0 = Release|Any CPU
		{EF682C6F-F64F-4E00-B55C-D07C6948D912}.Debug|Any CPU.ActiveCfg = Debug|Any CPU
		{EF682C6F-F64F-4E00-B55C-D07C6948D912}.Debug|Any CPU.Build.0 = Debug|Any CPU
		{EF682C6F-F64F-4E00-B55C-D07C6948D912}.Debug|x64.ActiveCfg = Debug|Any CPU
		{EF682C6F-F64F-4E00-B55C-D07C6948D912}.Debug|x64.Build.0 = Debug|Any CPU
		{EF682C6F-F64F-4E00-B55C-D07C6948D912}.Debug|x86.ActiveCfg = Debug|Any CPU
		{EF682C6F-F64F-4E00-B55C-D07C6948D912}.Debug|x86.Build.0 = Debug|Any CPU
		{EF682C6F-F64F-4E00-B55C-D07C6948D912}.Release|Any CPU.ActiveCfg = Release|Any CPU
		{EF682C6F-F64F-4E00-B55C-D07C6948D912}.Release|Any CPU.Build.0 = Release|Any CPU
		{EF682C6F-F64F-4E00-B55C-D07C6948D912}.Release|x64.ActiveCfg = Release|Any CPU
		{EF682C6F-F64F-4E00-B55C-D07C6948D912}.Release|x64.Build.0 = Release|Any CPU
		{EF682C6F-F64F-4E00-B55C-D07C6948D912}.Release|x86.ActiveCfg = Release|Any CPU
		{EF682C6F-F64F-4E00-B55C-D07C6948D912}.Release|x86.Build.0 = Release|Any CPU
		{E6E22F64-ECA5-4CF3-B9A7-77687FD15FFD}.Debug|Any CPU.ActiveCfg = Debug|Any CPU
		{E6E22F64-ECA5-4CF3-B9A7-77687FD15FFD}.Debug|Any CPU.Build.0 = Debug|Any CPU
		{E6E22F64-ECA5-4CF3-B9A7-77687FD15FFD}.Debug|x64.ActiveCfg = Debug|Any CPU
		{E6E22F64-ECA5-4CF3-B9A7-77687FD15FFD}.Debug|x64.Build.0 = Debug|Any CPU
		{E6E22F64-ECA5-4CF3-B9A7-77687FD15FFD}.Debug|x86.ActiveCfg = Debug|Any CPU
		{E6E22F64-ECA5-4CF3-B9A7-77687FD15FFD}.Debug|x86.Build.0 = Debug|Any CPU
		{E6E22F64-ECA5-4CF3-B9A7-77687FD15FFD}.Release|Any CPU.ActiveCfg = Release|Any CPU
		{E6E22F64-ECA5-4CF3-B9A7-77687FD15FFD}.Release|Any CPU.Build.0 = Release|Any CPU
		{E6E22F64-ECA5-4CF3-B9A7-77687FD15FFD}.Release|x64.ActiveCfg = Release|Any CPU
		{E6E22F64-ECA5-4CF3-B9A7-77687FD15FFD}.Release|x64.Build.0 = Release|Any CPU
		{E6E22F64-ECA5-4CF3-B9A7-77687FD15FFD}.Release|x86.ActiveCfg = Release|Any CPU
		{E6E22F64-ECA5-4CF3-B9A7-77687FD15FFD}.Release|x86.Build.0 = Release|Any CPU
		{470F0631-B932-4EA8-92C6-4FA376085A53}.Debug|Any CPU.ActiveCfg = Debug|Any CPU
		{470F0631-B932-4EA8-92C6-4FA376085A53}.Debug|Any CPU.Build.0 = Debug|Any CPU
		{470F0631-B932-4EA8-92C6-4FA376085A53}.Debug|x64.ActiveCfg = Debug|Any CPU
		{470F0631-B932-4EA8-92C6-4FA376085A53}.Debug|x64.Build.0 = Debug|Any CPU
		{470F0631-B932-4EA8-92C6-4FA376085A53}.Debug|x86.ActiveCfg = Debug|Any CPU
		{470F0631-B932-4EA8-92C6-4FA376085A53}.Debug|x86.Build.0 = Debug|Any CPU
		{470F0631-B932-4EA8-92C6-4FA376085A53}.Release|Any CPU.ActiveCfg = Release|Any CPU
		{470F0631-B932-4EA8-92C6-4FA376085A53}.Release|Any CPU.Build.0 = Release|Any CPU
		{470F0631-B932-4EA8-92C6-4FA376085A53}.Release|x64.ActiveCfg = Release|Any CPU
		{470F0631-B932-4EA8-92C6-4FA376085A53}.Release|x64.Build.0 = Release|Any CPU
		{470F0631-B932-4EA8-92C6-4FA376085A53}.Release|x86.ActiveCfg = Release|Any CPU
		{470F0631-B932-4EA8-92C6-4FA376085A53}.Release|x86.Build.0 = Release|Any CPU
		{8E95E988-E0F8-40CB-A1E4-51E30179C5D3}.Debug|Any CPU.ActiveCfg = Debug|Any CPU
		{8E95E988-E0F8-40CB-A1E4-51E30179C5D3}.Debug|Any CPU.Build.0 = Debug|Any CPU
		{8E95E988-E0F8-40CB-A1E4-51E30179C5D3}.Debug|x64.ActiveCfg = Debug|Any CPU
		{8E95E988-E0F8-40CB-A1E4-51E30179C5D3}.Debug|x64.Build.0 = Debug|Any CPU
		{8E95E988-E0F8-40CB-A1E4-51E30179C5D3}.Debug|x86.ActiveCfg = Debug|Any CPU
		{8E95E988-E0F8-40CB-A1E4-51E30179C5D3}.Debug|x86.Build.0 = Debug|Any CPU
		{8E95E988-E0F8-40CB-A1E4-51E30179C5D3}.Release|Any CPU.ActiveCfg = Release|Any CPU
		{8E95E988-E0F8-40CB-A1E4-51E30179C5D3}.Release|Any CPU.Build.0 = Release|Any CPU
		{8E95E988-E0F8-40CB-A1E4-51E30179C5D3}.Release|x64.ActiveCfg = Release|Any CPU
		{8E95E988-E0F8-40CB-A1E4-51E30179C5D3}.Release|x64.Build.0 = Release|Any CPU
		{8E95E988-E0F8-40CB-A1E4-51E30179C5D3}.Release|x86.ActiveCfg = Release|Any CPU
		{8E95E988-E0F8-40CB-A1E4-51E30179C5D3}.Release|x86.Build.0 = Release|Any CPU
		{DE9F6782-C9F7-43B4-A380-D9CCBB7E1B05}.Debug|Any CPU.ActiveCfg = Debug|Any CPU
		{DE9F6782-C9F7-43B4-A380-D9CCBB7E1B05}.Debug|Any CPU.Build.0 = Debug|Any CPU
		{DE9F6782-C9F7-43B4-A380-D9CCBB7E1B05}.Debug|x64.ActiveCfg = Debug|Any CPU
		{DE9F6782-C9F7-43B4-A380-D9CCBB7E1B05}.Debug|x64.Build.0 = Debug|Any CPU
		{DE9F6782-C9F7-43B4-A380-D9CCBB7E1B05}.Debug|x86.ActiveCfg = Debug|Any CPU
		{DE9F6782-C9F7-43B4-A380-D9CCBB7E1B05}.Debug|x86.Build.0 = Debug|Any CPU
		{DE9F6782-C9F7-43B4-A380-D9CCBB7E1B05}.Release|Any CPU.ActiveCfg = Release|Any CPU
		{DE9F6782-C9F7-43B4-A380-D9CCBB7E1B05}.Release|Any CPU.Build.0 = Release|Any CPU
		{DE9F6782-C9F7-43B4-A380-D9CCBB7E1B05}.Release|x64.ActiveCfg = Release|Any CPU
		{DE9F6782-C9F7-43B4-A380-D9CCBB7E1B05}.Release|x64.Build.0 = Release|Any CPU
		{DE9F6782-C9F7-43B4-A380-D9CCBB7E1B05}.Release|x86.ActiveCfg = Release|Any CPU
		{DE9F6782-C9F7-43B4-A380-D9CCBB7E1B05}.Release|x86.Build.0 = Release|Any CPU
		{FE6853CF-9918-48FA-8528-DFD8AA6608BB}.Debug|Any CPU.ActiveCfg = Debug|Any CPU
		{FE6853CF-9918-48FA-8528-DFD8AA6608BB}.Debug|Any CPU.Build.0 = Debug|Any CPU
		{FE6853CF-9918-48FA-8528-DFD8AA6608BB}.Debug|x64.ActiveCfg = Debug|Any CPU
		{FE6853CF-9918-48FA-8528-DFD8AA6608BB}.Debug|x64.Build.0 = Debug|Any CPU
		{FE6853CF-9918-48FA-8528-DFD8AA6608BB}.Debug|x86.ActiveCfg = Debug|Any CPU
		{FE6853CF-9918-48FA-8528-DFD8AA6608BB}.Debug|x86.Build.0 = Debug|Any CPU
		{FE6853CF-9918-48FA-8528-DFD8AA6608BB}.Release|Any CPU.ActiveCfg = Release|Any CPU
		{FE6853CF-9918-48FA-8528-DFD8AA6608BB}.Release|Any CPU.Build.0 = Release|Any CPU
		{FE6853CF-9918-48FA-8528-DFD8AA6608BB}.Release|x64.ActiveCfg = Release|Any CPU
		{FE6853CF-9918-48FA-8528-DFD8AA6608BB}.Release|x64.Build.0 = Release|Any CPU
		{FE6853CF-9918-48FA-8528-DFD8AA6608BB}.Release|x86.ActiveCfg = Release|Any CPU
		{FE6853CF-9918-48FA-8528-DFD8AA6608BB}.Release|x86.Build.0 = Release|Any CPU
		{FC775C0E-88B0-47E3-99FF-5F3280C160CE}.Debug|Any CPU.ActiveCfg = Debug|Any CPU
		{FC775C0E-88B0-47E3-99FF-5F3280C160CE}.Debug|Any CPU.Build.0 = Debug|Any CPU
		{FC775C0E-88B0-47E3-99FF-5F3280C160CE}.Debug|x64.ActiveCfg = Debug|Any CPU
		{FC775C0E-88B0-47E3-99FF-5F3280C160CE}.Debug|x64.Build.0 = Debug|Any CPU
		{FC775C0E-88B0-47E3-99FF-5F3280C160CE}.Debug|x86.ActiveCfg = Debug|Any CPU
		{FC775C0E-88B0-47E3-99FF-5F3280C160CE}.Debug|x86.Build.0 = Debug|Any CPU
		{FC775C0E-88B0-47E3-99FF-5F3280C160CE}.Release|Any CPU.ActiveCfg = Release|Any CPU
		{FC775C0E-88B0-47E3-99FF-5F3280C160CE}.Release|Any CPU.Build.0 = Release|Any CPU
		{FC775C0E-88B0-47E3-99FF-5F3280C160CE}.Release|x64.ActiveCfg = Release|Any CPU
		{FC775C0E-88B0-47E3-99FF-5F3280C160CE}.Release|x64.Build.0 = Release|Any CPU
		{FC775C0E-88B0-47E3-99FF-5F3280C160CE}.Release|x86.ActiveCfg = Release|Any CPU
		{FC775C0E-88B0-47E3-99FF-5F3280C160CE}.Release|x86.Build.0 = Release|Any CPU
		{594DC623-0F11-4B5A-8374-89BABDB1980A}.Debug|Any CPU.ActiveCfg = Debug|Any CPU
		{594DC623-0F11-4B5A-8374-89BABDB1980A}.Debug|Any CPU.Build.0 = Debug|Any CPU
		{594DC623-0F11-4B5A-8374-89BABDB1980A}.Debug|x64.ActiveCfg = Debug|Any CPU
		{594DC623-0F11-4B5A-8374-89BABDB1980A}.Debug|x64.Build.0 = Debug|Any CPU
		{594DC623-0F11-4B5A-8374-89BABDB1980A}.Debug|x86.ActiveCfg = Debug|Any CPU
		{594DC623-0F11-4B5A-8374-89BABDB1980A}.Debug|x86.Build.0 = Debug|Any CPU
		{594DC623-0F11-4B5A-8374-89BABDB1980A}.Release|Any CPU.ActiveCfg = Release|Any CPU
		{594DC623-0F11-4B5A-8374-89BABDB1980A}.Release|Any CPU.Build.0 = Release|Any CPU
		{594DC623-0F11-4B5A-8374-89BABDB1980A}.Release|x64.ActiveCfg = Release|Any CPU
		{594DC623-0F11-4B5A-8374-89BABDB1980A}.Release|x64.Build.0 = Release|Any CPU
		{594DC623-0F11-4B5A-8374-89BABDB1980A}.Release|x86.ActiveCfg = Release|Any CPU
		{594DC623-0F11-4B5A-8374-89BABDB1980A}.Release|x86.Build.0 = Release|Any CPU
		{D86263B5-A478-4F2E-8711-E26AF1B62086}.Debug|Any CPU.ActiveCfg = Debug|Any CPU
		{D86263B5-A478-4F2E-8711-E26AF1B62086}.Debug|Any CPU.Build.0 = Debug|Any CPU
		{D86263B5-A478-4F2E-8711-E26AF1B62086}.Debug|x64.ActiveCfg = Debug|Any CPU
		{D86263B5-A478-4F2E-8711-E26AF1B62086}.Debug|x64.Build.0 = Debug|Any CPU
		{D86263B5-A478-4F2E-8711-E26AF1B62086}.Debug|x86.ActiveCfg = Debug|Any CPU
		{D86263B5-A478-4F2E-8711-E26AF1B62086}.Debug|x86.Build.0 = Debug|Any CPU
		{D86263B5-A478-4F2E-8711-E26AF1B62086}.Release|Any CPU.ActiveCfg = Release|Any CPU
		{D86263B5-A478-4F2E-8711-E26AF1B62086}.Release|Any CPU.Build.0 = Release|Any CPU
		{D86263B5-A478-4F2E-8711-E26AF1B62086}.Release|x64.ActiveCfg = Release|Any CPU
		{D86263B5-A478-4F2E-8711-E26AF1B62086}.Release|x64.Build.0 = Release|Any CPU
		{D86263B5-A478-4F2E-8711-E26AF1B62086}.Release|x86.ActiveCfg = Release|Any CPU
		{D86263B5-A478-4F2E-8711-E26AF1B62086}.Release|x86.Build.0 = Release|Any CPU
		{F28D1C61-5085-44E1-8212-04A5B1086604}.Debug|Any CPU.ActiveCfg = Debug|Any CPU
		{F28D1C61-5085-44E1-8212-04A5B1086604}.Debug|Any CPU.Build.0 = Debug|Any CPU
		{F28D1C61-5085-44E1-8212-04A5B1086604}.Debug|x64.ActiveCfg = Debug|Any CPU
		{F28D1C61-5085-44E1-8212-04A5B1086604}.Debug|x64.Build.0 = Debug|Any CPU
		{F28D1C61-5085-44E1-8212-04A5B1086604}.Debug|x86.ActiveCfg = Debug|Any CPU
		{F28D1C61-5085-44E1-8212-04A5B1086604}.Debug|x86.Build.0 = Debug|Any CPU
		{F28D1C61-5085-44E1-8212-04A5B1086604}.Release|Any CPU.ActiveCfg = Release|Any CPU
		{F28D1C61-5085-44E1-8212-04A5B1086604}.Release|Any CPU.Build.0 = Release|Any CPU
		{F28D1C61-5085-44E1-8212-04A5B1086604}.Release|x64.ActiveCfg = Release|Any CPU
		{F28D1C61-5085-44E1-8212-04A5B1086604}.Release|x64.Build.0 = Release|Any CPU
		{F28D1C61-5085-44E1-8212-04A5B1086604}.Release|x86.ActiveCfg = Release|Any CPU
		{F28D1C61-5085-44E1-8212-04A5B1086604}.Release|x86.Build.0 = Release|Any CPU
		{5B2D659D-5DF9-44CC-8B18-9FACC9AA56F3}.Debug|Any CPU.ActiveCfg = Debug|Any CPU
		{5B2D659D-5DF9-44CC-8B18-9FACC9AA56F3}.Debug|Any CPU.Build.0 = Debug|Any CPU
		{5B2D659D-5DF9-44CC-8B18-9FACC9AA56F3}.Debug|x64.ActiveCfg = Debug|Any CPU
		{5B2D659D-5DF9-44CC-8B18-9FACC9AA56F3}.Debug|x64.Build.0 = Debug|Any CPU
		{5B2D659D-5DF9-44CC-8B18-9FACC9AA56F3}.Debug|x86.ActiveCfg = Debug|Any CPU
		{5B2D659D-5DF9-44CC-8B18-9FACC9AA56F3}.Debug|x86.Build.0 = Debug|Any CPU
		{5B2D659D-5DF9-44CC-8B18-9FACC9AA56F3}.Release|Any CPU.ActiveCfg = Release|Any CPU
		{5B2D659D-5DF9-44CC-8B18-9FACC9AA56F3}.Release|Any CPU.Build.0 = Release|Any CPU
		{5B2D659D-5DF9-44CC-8B18-9FACC9AA56F3}.Release|x64.ActiveCfg = Release|Any CPU
		{5B2D659D-5DF9-44CC-8B18-9FACC9AA56F3}.Release|x64.Build.0 = Release|Any CPU
		{5B2D659D-5DF9-44CC-8B18-9FACC9AA56F3}.Release|x86.ActiveCfg = Release|Any CPU
		{5B2D659D-5DF9-44CC-8B18-9FACC9AA56F3}.Release|x86.Build.0 = Release|Any CPU
		{0336B958-6EA0-4F42-802B-508DA25594E8}.Debug|Any CPU.ActiveCfg = Debug|Any CPU
		{0336B958-6EA0-4F42-802B-508DA25594E8}.Debug|Any CPU.Build.0 = Debug|Any CPU
		{0336B958-6EA0-4F42-802B-508DA25594E8}.Debug|x64.ActiveCfg = Debug|Any CPU
		{0336B958-6EA0-4F42-802B-508DA25594E8}.Debug|x64.Build.0 = Debug|Any CPU
		{0336B958-6EA0-4F42-802B-508DA25594E8}.Debug|x86.ActiveCfg = Debug|Any CPU
		{0336B958-6EA0-4F42-802B-508DA25594E8}.Debug|x86.Build.0 = Debug|Any CPU
		{0336B958-6EA0-4F42-802B-508DA25594E8}.Release|Any CPU.ActiveCfg = Release|Any CPU
		{0336B958-6EA0-4F42-802B-508DA25594E8}.Release|Any CPU.Build.0 = Release|Any CPU
		{0336B958-6EA0-4F42-802B-508DA25594E8}.Release|x64.ActiveCfg = Release|Any CPU
		{0336B958-6EA0-4F42-802B-508DA25594E8}.Release|x64.Build.0 = Release|Any CPU
		{0336B958-6EA0-4F42-802B-508DA25594E8}.Release|x86.ActiveCfg = Release|Any CPU
		{0336B958-6EA0-4F42-802B-508DA25594E8}.Release|x86.Build.0 = Release|Any CPU
		{410E241C-6787-4F8F-9F2D-810A2182EF64}.Debug|Any CPU.ActiveCfg = Debug|Any CPU
		{410E241C-6787-4F8F-9F2D-810A2182EF64}.Debug|Any CPU.Build.0 = Debug|Any CPU
		{410E241C-6787-4F8F-9F2D-810A2182EF64}.Debug|x64.ActiveCfg = Debug|Any CPU
		{410E241C-6787-4F8F-9F2D-810A2182EF64}.Debug|x64.Build.0 = Debug|Any CPU
		{410E241C-6787-4F8F-9F2D-810A2182EF64}.Debug|x86.ActiveCfg = Debug|Any CPU
		{410E241C-6787-4F8F-9F2D-810A2182EF64}.Debug|x86.Build.0 = Debug|Any CPU
		{410E241C-6787-4F8F-9F2D-810A2182EF64}.Release|Any CPU.ActiveCfg = Release|Any CPU
		{410E241C-6787-4F8F-9F2D-810A2182EF64}.Release|Any CPU.Build.0 = Release|Any CPU
		{410E241C-6787-4F8F-9F2D-810A2182EF64}.Release|x64.ActiveCfg = Release|Any CPU
		{410E241C-6787-4F8F-9F2D-810A2182EF64}.Release|x64.Build.0 = Release|Any CPU
		{410E241C-6787-4F8F-9F2D-810A2182EF64}.Release|x86.ActiveCfg = Release|Any CPU
		{410E241C-6787-4F8F-9F2D-810A2182EF64}.Release|x86.Build.0 = Release|Any CPU
		{4CA68D5D-CA7E-4B32-91EE-3A4552AD9922}.Debug|Any CPU.ActiveCfg = Debug|Any CPU
		{4CA68D5D-CA7E-4B32-91EE-3A4552AD9922}.Debug|Any CPU.Build.0 = Debug|Any CPU
		{4CA68D5D-CA7E-4B32-91EE-3A4552AD9922}.Debug|x64.ActiveCfg = Debug|Any CPU
		{4CA68D5D-CA7E-4B32-91EE-3A4552AD9922}.Debug|x64.Build.0 = Debug|Any CPU
		{4CA68D5D-CA7E-4B32-91EE-3A4552AD9922}.Debug|x86.ActiveCfg = Debug|Any CPU
		{4CA68D5D-CA7E-4B32-91EE-3A4552AD9922}.Debug|x86.Build.0 = Debug|Any CPU
		{4CA68D5D-CA7E-4B32-91EE-3A4552AD9922}.Release|Any CPU.ActiveCfg = Release|Any CPU
		{4CA68D5D-CA7E-4B32-91EE-3A4552AD9922}.Release|Any CPU.Build.0 = Release|Any CPU
		{4CA68D5D-CA7E-4B32-91EE-3A4552AD9922}.Release|x64.ActiveCfg = Release|Any CPU
		{4CA68D5D-CA7E-4B32-91EE-3A4552AD9922}.Release|x64.Build.0 = Release|Any CPU
		{4CA68D5D-CA7E-4B32-91EE-3A4552AD9922}.Release|x86.ActiveCfg = Release|Any CPU
		{4CA68D5D-CA7E-4B32-91EE-3A4552AD9922}.Release|x86.Build.0 = Release|Any CPU
		{8B839944-D4C1-48F3-8654-085D3C989E08}.Debug|Any CPU.ActiveCfg = Debug|Any CPU
		{8B839944-D4C1-48F3-8654-085D3C989E08}.Debug|Any CPU.Build.0 = Debug|Any CPU
		{8B839944-D4C1-48F3-8654-085D3C989E08}.Debug|x64.ActiveCfg = Debug|Any CPU
		{8B839944-D4C1-48F3-8654-085D3C989E08}.Debug|x64.Build.0 = Debug|Any CPU
		{8B839944-D4C1-48F3-8654-085D3C989E08}.Debug|x86.ActiveCfg = Debug|Any CPU
		{8B839944-D4C1-48F3-8654-085D3C989E08}.Debug|x86.Build.0 = Debug|Any CPU
		{8B839944-D4C1-48F3-8654-085D3C989E08}.Release|Any CPU.ActiveCfg = Release|Any CPU
		{8B839944-D4C1-48F3-8654-085D3C989E08}.Release|Any CPU.Build.0 = Release|Any CPU
		{8B839944-D4C1-48F3-8654-085D3C989E08}.Release|x64.ActiveCfg = Release|Any CPU
		{8B839944-D4C1-48F3-8654-085D3C989E08}.Release|x64.Build.0 = Release|Any CPU
		{8B839944-D4C1-48F3-8654-085D3C989E08}.Release|x86.ActiveCfg = Release|Any CPU
		{8B839944-D4C1-48F3-8654-085D3C989E08}.Release|x86.Build.0 = Release|Any CPU
		{30264237-C5C2-4927-ABF7-3D5DBA6F6F9B}.Debug|Any CPU.ActiveCfg = Debug|Any CPU
		{30264237-C5C2-4927-ABF7-3D5DBA6F6F9B}.Debug|Any CPU.Build.0 = Debug|Any CPU
		{30264237-C5C2-4927-ABF7-3D5DBA6F6F9B}.Debug|x64.ActiveCfg = Debug|Any CPU
		{30264237-C5C2-4927-ABF7-3D5DBA6F6F9B}.Debug|x64.Build.0 = Debug|Any CPU
		{30264237-C5C2-4927-ABF7-3D5DBA6F6F9B}.Debug|x86.ActiveCfg = Debug|Any CPU
		{30264237-C5C2-4927-ABF7-3D5DBA6F6F9B}.Debug|x86.Build.0 = Debug|Any CPU
		{30264237-C5C2-4927-ABF7-3D5DBA6F6F9B}.Release|Any CPU.ActiveCfg = Release|Any CPU
		{30264237-C5C2-4927-ABF7-3D5DBA6F6F9B}.Release|Any CPU.Build.0 = Release|Any CPU
		{30264237-C5C2-4927-ABF7-3D5DBA6F6F9B}.Release|x64.ActiveCfg = Release|Any CPU
		{30264237-C5C2-4927-ABF7-3D5DBA6F6F9B}.Release|x64.Build.0 = Release|Any CPU
		{30264237-C5C2-4927-ABF7-3D5DBA6F6F9B}.Release|x86.ActiveCfg = Release|Any CPU
		{30264237-C5C2-4927-ABF7-3D5DBA6F6F9B}.Release|x86.Build.0 = Release|Any CPU
		{79660D09-F996-41F7-8BB5-9CDBF9B76DD7}.Debug|Any CPU.ActiveCfg = Debug|Any CPU
		{79660D09-F996-41F7-8BB5-9CDBF9B76DD7}.Debug|Any CPU.Build.0 = Debug|Any CPU
		{79660D09-F996-41F7-8BB5-9CDBF9B76DD7}.Debug|x64.ActiveCfg = Debug|Any CPU
		{79660D09-F996-41F7-8BB5-9CDBF9B76DD7}.Debug|x64.Build.0 = Debug|Any CPU
		{79660D09-F996-41F7-8BB5-9CDBF9B76DD7}.Debug|x86.ActiveCfg = Debug|Any CPU
		{79660D09-F996-41F7-8BB5-9CDBF9B76DD7}.Debug|x86.Build.0 = Debug|Any CPU
		{79660D09-F996-41F7-8BB5-9CDBF9B76DD7}.Release|Any CPU.ActiveCfg = Release|Any CPU
		{79660D09-F996-41F7-8BB5-9CDBF9B76DD7}.Release|Any CPU.Build.0 = Release|Any CPU
		{79660D09-F996-41F7-8BB5-9CDBF9B76DD7}.Release|x64.ActiveCfg = Release|Any CPU
		{79660D09-F996-41F7-8BB5-9CDBF9B76DD7}.Release|x64.Build.0 = Release|Any CPU
		{79660D09-F996-41F7-8BB5-9CDBF9B76DD7}.Release|x86.ActiveCfg = Release|Any CPU
		{79660D09-F996-41F7-8BB5-9CDBF9B76DD7}.Release|x86.Build.0 = Release|Any CPU
		{9F1AD3A0-5870-421C-B2A4-3F4FD59B0A58}.Debug|Any CPU.ActiveCfg = Debug|Any CPU
		{9F1AD3A0-5870-421C-B2A4-3F4FD59B0A58}.Debug|Any CPU.Build.0 = Debug|Any CPU
		{9F1AD3A0-5870-421C-B2A4-3F4FD59B0A58}.Debug|x64.ActiveCfg = Debug|Any CPU
		{9F1AD3A0-5870-421C-B2A4-3F4FD59B0A58}.Debug|x64.Build.0 = Debug|Any CPU
		{9F1AD3A0-5870-421C-B2A4-3F4FD59B0A58}.Debug|x86.ActiveCfg = Debug|Any CPU
		{9F1AD3A0-5870-421C-B2A4-3F4FD59B0A58}.Debug|x86.Build.0 = Debug|Any CPU
		{9F1AD3A0-5870-421C-B2A4-3F4FD59B0A58}.Release|Any CPU.ActiveCfg = Release|Any CPU
		{9F1AD3A0-5870-421C-B2A4-3F4FD59B0A58}.Release|Any CPU.Build.0 = Release|Any CPU
		{9F1AD3A0-5870-421C-B2A4-3F4FD59B0A58}.Release|x64.ActiveCfg = Release|Any CPU
		{9F1AD3A0-5870-421C-B2A4-3F4FD59B0A58}.Release|x64.Build.0 = Release|Any CPU
		{9F1AD3A0-5870-421C-B2A4-3F4FD59B0A58}.Release|x86.ActiveCfg = Release|Any CPU
		{9F1AD3A0-5870-421C-B2A4-3F4FD59B0A58}.Release|x86.Build.0 = Release|Any CPU
		{735D72A8-8AAC-4F74-9D3F-9484C5A4298C}.Debug|Any CPU.ActiveCfg = Debug|Any CPU
		{735D72A8-8AAC-4F74-9D3F-9484C5A4298C}.Debug|Any CPU.Build.0 = Debug|Any CPU
		{735D72A8-8AAC-4F74-9D3F-9484C5A4298C}.Debug|x64.ActiveCfg = Debug|Any CPU
		{735D72A8-8AAC-4F74-9D3F-9484C5A4298C}.Debug|x64.Build.0 = Debug|Any CPU
		{735D72A8-8AAC-4F74-9D3F-9484C5A4298C}.Debug|x86.ActiveCfg = Debug|Any CPU
		{735D72A8-8AAC-4F74-9D3F-9484C5A4298C}.Debug|x86.Build.0 = Debug|Any CPU
		{735D72A8-8AAC-4F74-9D3F-9484C5A4298C}.Release|Any CPU.ActiveCfg = Release|Any CPU
		{735D72A8-8AAC-4F74-9D3F-9484C5A4298C}.Release|Any CPU.Build.0 = Release|Any CPU
		{735D72A8-8AAC-4F74-9D3F-9484C5A4298C}.Release|x64.ActiveCfg = Release|Any CPU
		{735D72A8-8AAC-4F74-9D3F-9484C5A4298C}.Release|x64.Build.0 = Release|Any CPU
		{735D72A8-8AAC-4F74-9D3F-9484C5A4298C}.Release|x86.ActiveCfg = Release|Any CPU
		{735D72A8-8AAC-4F74-9D3F-9484C5A4298C}.Release|x86.Build.0 = Release|Any CPU
		{5C95B9FA-C835-4A75-BCE9-00E9BB1F2ECF}.Debug|Any CPU.ActiveCfg = Debug|Any CPU
		{5C95B9FA-C835-4A75-BCE9-00E9BB1F2ECF}.Debug|Any CPU.Build.0 = Debug|Any CPU
		{5C95B9FA-C835-4A75-BCE9-00E9BB1F2ECF}.Debug|x64.ActiveCfg = Debug|Any CPU
		{5C95B9FA-C835-4A75-BCE9-00E9BB1F2ECF}.Debug|x64.Build.0 = Debug|Any CPU
		{5C95B9FA-C835-4A75-BCE9-00E9BB1F2ECF}.Debug|x86.ActiveCfg = Debug|Any CPU
		{5C95B9FA-C835-4A75-BCE9-00E9BB1F2ECF}.Debug|x86.Build.0 = Debug|Any CPU
		{5C95B9FA-C835-4A75-BCE9-00E9BB1F2ECF}.Release|Any CPU.ActiveCfg = Release|Any CPU
		{5C95B9FA-C835-4A75-BCE9-00E9BB1F2ECF}.Release|Any CPU.Build.0 = Release|Any CPU
		{5C95B9FA-C835-4A75-BCE9-00E9BB1F2ECF}.Release|x64.ActiveCfg = Release|Any CPU
		{5C95B9FA-C835-4A75-BCE9-00E9BB1F2ECF}.Release|x64.Build.0 = Release|Any CPU
		{5C95B9FA-C835-4A75-BCE9-00E9BB1F2ECF}.Release|x86.ActiveCfg = Release|Any CPU
		{5C95B9FA-C835-4A75-BCE9-00E9BB1F2ECF}.Release|x86.Build.0 = Release|Any CPU
		{DF3A96D4-E8C5-4EF2-9E26-5B663FC9547B}.Debug|Any CPU.ActiveCfg = Debug|Any CPU
		{DF3A96D4-E8C5-4EF2-9E26-5B663FC9547B}.Debug|Any CPU.Build.0 = Debug|Any CPU
		{DF3A96D4-E8C5-4EF2-9E26-5B663FC9547B}.Debug|x64.ActiveCfg = Debug|Any CPU
		{DF3A96D4-E8C5-4EF2-9E26-5B663FC9547B}.Debug|x64.Build.0 = Debug|Any CPU
		{DF3A96D4-E8C5-4EF2-9E26-5B663FC9547B}.Debug|x86.ActiveCfg = Debug|Any CPU
		{DF3A96D4-E8C5-4EF2-9E26-5B663FC9547B}.Debug|x86.Build.0 = Debug|Any CPU
		{DF3A96D4-E8C5-4EF2-9E26-5B663FC9547B}.Release|Any CPU.ActiveCfg = Release|Any CPU
		{DF3A96D4-E8C5-4EF2-9E26-5B663FC9547B}.Release|Any CPU.Build.0 = Release|Any CPU
		{DF3A96D4-E8C5-4EF2-9E26-5B663FC9547B}.Release|x64.ActiveCfg = Release|Any CPU
		{DF3A96D4-E8C5-4EF2-9E26-5B663FC9547B}.Release|x64.Build.0 = Release|Any CPU
		{DF3A96D4-E8C5-4EF2-9E26-5B663FC9547B}.Release|x86.ActiveCfg = Release|Any CPU
		{DF3A96D4-E8C5-4EF2-9E26-5B663FC9547B}.Release|x86.Build.0 = Release|Any CPU
		{A34E81E0-CCE9-44F2-9555-138FB40946AF}.Debug|Any CPU.ActiveCfg = Debug|Any CPU
		{A34E81E0-CCE9-44F2-9555-138FB40946AF}.Debug|Any CPU.Build.0 = Debug|Any CPU
		{A34E81E0-CCE9-44F2-9555-138FB40946AF}.Debug|x64.ActiveCfg = Debug|Any CPU
		{A34E81E0-CCE9-44F2-9555-138FB40946AF}.Debug|x64.Build.0 = Debug|Any CPU
		{A34E81E0-CCE9-44F2-9555-138FB40946AF}.Debug|x86.ActiveCfg = Debug|Any CPU
		{A34E81E0-CCE9-44F2-9555-138FB40946AF}.Debug|x86.Build.0 = Debug|Any CPU
		{A34E81E0-CCE9-44F2-9555-138FB40946AF}.Release|Any CPU.ActiveCfg = Release|Any CPU
		{A34E81E0-CCE9-44F2-9555-138FB40946AF}.Release|Any CPU.Build.0 = Release|Any CPU
		{A34E81E0-CCE9-44F2-9555-138FB40946AF}.Release|x64.ActiveCfg = Release|Any CPU
		{A34E81E0-CCE9-44F2-9555-138FB40946AF}.Release|x64.Build.0 = Release|Any CPU
		{A34E81E0-CCE9-44F2-9555-138FB40946AF}.Release|x86.ActiveCfg = Release|Any CPU
		{A34E81E0-CCE9-44F2-9555-138FB40946AF}.Release|x86.Build.0 = Release|Any CPU
		{74ADCA4A-D475-44EC-8733-A077D438C78E}.Debug|Any CPU.ActiveCfg = Debug|Any CPU
		{74ADCA4A-D475-44EC-8733-A077D438C78E}.Debug|Any CPU.Build.0 = Debug|Any CPU
		{74ADCA4A-D475-44EC-8733-A077D438C78E}.Debug|x64.ActiveCfg = Debug|Any CPU
		{74ADCA4A-D475-44EC-8733-A077D438C78E}.Debug|x64.Build.0 = Debug|Any CPU
		{74ADCA4A-D475-44EC-8733-A077D438C78E}.Debug|x86.ActiveCfg = Debug|Any CPU
		{74ADCA4A-D475-44EC-8733-A077D438C78E}.Debug|x86.Build.0 = Debug|Any CPU
		{74ADCA4A-D475-44EC-8733-A077D438C78E}.Release|Any CPU.ActiveCfg = Release|Any CPU
		{74ADCA4A-D475-44EC-8733-A077D438C78E}.Release|Any CPU.Build.0 = Release|Any CPU
		{74ADCA4A-D475-44EC-8733-A077D438C78E}.Release|x64.ActiveCfg = Release|Any CPU
		{74ADCA4A-D475-44EC-8733-A077D438C78E}.Release|x64.Build.0 = Release|Any CPU
		{74ADCA4A-D475-44EC-8733-A077D438C78E}.Release|x86.ActiveCfg = Release|Any CPU
		{74ADCA4A-D475-44EC-8733-A077D438C78E}.Release|x86.Build.0 = Release|Any CPU
		{0C2C0234-6CC7-42AA-A0C5-569F30E020E1}.Debug|Any CPU.ActiveCfg = Debug|Any CPU
		{0C2C0234-6CC7-42AA-A0C5-569F30E020E1}.Debug|Any CPU.Build.0 = Debug|Any CPU
		{0C2C0234-6CC7-42AA-A0C5-569F30E020E1}.Debug|x64.ActiveCfg = Debug|Any CPU
		{0C2C0234-6CC7-42AA-A0C5-569F30E020E1}.Debug|x64.Build.0 = Debug|Any CPU
		{0C2C0234-6CC7-42AA-A0C5-569F30E020E1}.Debug|x86.ActiveCfg = Debug|Any CPU
		{0C2C0234-6CC7-42AA-A0C5-569F30E020E1}.Debug|x86.Build.0 = Debug|Any CPU
		{0C2C0234-6CC7-42AA-A0C5-569F30E020E1}.Release|Any CPU.ActiveCfg = Release|Any CPU
		{0C2C0234-6CC7-42AA-A0C5-569F30E020E1}.Release|Any CPU.Build.0 = Release|Any CPU
		{0C2C0234-6CC7-42AA-A0C5-569F30E020E1}.Release|x64.ActiveCfg = Release|Any CPU
		{0C2C0234-6CC7-42AA-A0C5-569F30E020E1}.Release|x64.Build.0 = Release|Any CPU
		{0C2C0234-6CC7-42AA-A0C5-569F30E020E1}.Release|x86.ActiveCfg = Release|Any CPU
		{0C2C0234-6CC7-42AA-A0C5-569F30E020E1}.Release|x86.Build.0 = Release|Any CPU
		{C0DDFBFA-DF2B-427A-80CB-54300D0C2E90}.Debug|Any CPU.ActiveCfg = Debug|Any CPU
		{C0DDFBFA-DF2B-427A-80CB-54300D0C2E90}.Debug|Any CPU.Build.0 = Debug|Any CPU
		{C0DDFBFA-DF2B-427A-80CB-54300D0C2E90}.Debug|x64.ActiveCfg = Debug|Any CPU
		{C0DDFBFA-DF2B-427A-80CB-54300D0C2E90}.Debug|x64.Build.0 = Debug|Any CPU
		{C0DDFBFA-DF2B-427A-80CB-54300D0C2E90}.Debug|x86.ActiveCfg = Debug|Any CPU
		{C0DDFBFA-DF2B-427A-80CB-54300D0C2E90}.Debug|x86.Build.0 = Debug|Any CPU
		{C0DDFBFA-DF2B-427A-80CB-54300D0C2E90}.Release|Any CPU.ActiveCfg = Release|Any CPU
		{C0DDFBFA-DF2B-427A-80CB-54300D0C2E90}.Release|Any CPU.Build.0 = Release|Any CPU
		{C0DDFBFA-DF2B-427A-80CB-54300D0C2E90}.Release|x64.ActiveCfg = Release|Any CPU
		{C0DDFBFA-DF2B-427A-80CB-54300D0C2E90}.Release|x64.Build.0 = Release|Any CPU
		{C0DDFBFA-DF2B-427A-80CB-54300D0C2E90}.Release|x86.ActiveCfg = Release|Any CPU
		{C0DDFBFA-DF2B-427A-80CB-54300D0C2E90}.Release|x86.Build.0 = Release|Any CPU
		{13C1E3BB-1B1F-4378-A086-975469FBB1E1}.Debug|Any CPU.ActiveCfg = Debug|Any CPU
		{13C1E3BB-1B1F-4378-A086-975469FBB1E1}.Debug|Any CPU.Build.0 = Debug|Any CPU
		{13C1E3BB-1B1F-4378-A086-975469FBB1E1}.Debug|x64.ActiveCfg = Debug|Any CPU
		{13C1E3BB-1B1F-4378-A086-975469FBB1E1}.Debug|x64.Build.0 = Debug|Any CPU
		{13C1E3BB-1B1F-4378-A086-975469FBB1E1}.Debug|x86.ActiveCfg = Debug|Any CPU
		{13C1E3BB-1B1F-4378-A086-975469FBB1E1}.Debug|x86.Build.0 = Debug|Any CPU
		{13C1E3BB-1B1F-4378-A086-975469FBB1E1}.Release|Any CPU.ActiveCfg = Release|Any CPU
		{13C1E3BB-1B1F-4378-A086-975469FBB1E1}.Release|Any CPU.Build.0 = Release|Any CPU
		{13C1E3BB-1B1F-4378-A086-975469FBB1E1}.Release|x64.ActiveCfg = Release|Any CPU
		{13C1E3BB-1B1F-4378-A086-975469FBB1E1}.Release|x64.Build.0 = Release|Any CPU
		{13C1E3BB-1B1F-4378-A086-975469FBB1E1}.Release|x86.ActiveCfg = Release|Any CPU
		{13C1E3BB-1B1F-4378-A086-975469FBB1E1}.Release|x86.Build.0 = Release|Any CPU
		{2C90FA1E-A531-4E2E-84CE-398E5431A909}.Debug|Any CPU.ActiveCfg = Debug|Any CPU
		{2C90FA1E-A531-4E2E-84CE-398E5431A909}.Debug|Any CPU.Build.0 = Debug|Any CPU
		{2C90FA1E-A531-4E2E-84CE-398E5431A909}.Debug|x64.ActiveCfg = Debug|Any CPU
		{2C90FA1E-A531-4E2E-84CE-398E5431A909}.Debug|x64.Build.0 = Debug|Any CPU
		{2C90FA1E-A531-4E2E-84CE-398E5431A909}.Debug|x86.ActiveCfg = Debug|Any CPU
		{2C90FA1E-A531-4E2E-84CE-398E5431A909}.Debug|x86.Build.0 = Debug|Any CPU
		{2C90FA1E-A531-4E2E-84CE-398E5431A909}.Release|Any CPU.ActiveCfg = Release|Any CPU
		{2C90FA1E-A531-4E2E-84CE-398E5431A909}.Release|Any CPU.Build.0 = Release|Any CPU
		{2C90FA1E-A531-4E2E-84CE-398E5431A909}.Release|x64.ActiveCfg = Release|Any CPU
		{2C90FA1E-A531-4E2E-84CE-398E5431A909}.Release|x64.Build.0 = Release|Any CPU
		{2C90FA1E-A531-4E2E-84CE-398E5431A909}.Release|x86.ActiveCfg = Release|Any CPU
		{2C90FA1E-A531-4E2E-84CE-398E5431A909}.Release|x86.Build.0 = Release|Any CPU
		{C9B6F54E-B464-41D5-A926-18288A98C2FD}.Debug|Any CPU.ActiveCfg = Debug|Any CPU
		{C9B6F54E-B464-41D5-A926-18288A98C2FD}.Debug|Any CPU.Build.0 = Debug|Any CPU
		{C9B6F54E-B464-41D5-A926-18288A98C2FD}.Debug|x64.ActiveCfg = Debug|Any CPU
		{C9B6F54E-B464-41D5-A926-18288A98C2FD}.Debug|x64.Build.0 = Debug|Any CPU
		{C9B6F54E-B464-41D5-A926-18288A98C2FD}.Debug|x86.ActiveCfg = Debug|Any CPU
		{C9B6F54E-B464-41D5-A926-18288A98C2FD}.Debug|x86.Build.0 = Debug|Any CPU
		{C9B6F54E-B464-41D5-A926-18288A98C2FD}.Release|Any CPU.ActiveCfg = Release|Any CPU
		{C9B6F54E-B464-41D5-A926-18288A98C2FD}.Release|Any CPU.Build.0 = Release|Any CPU
		{C9B6F54E-B464-41D5-A926-18288A98C2FD}.Release|x64.ActiveCfg = Release|Any CPU
		{C9B6F54E-B464-41D5-A926-18288A98C2FD}.Release|x64.Build.0 = Release|Any CPU
		{C9B6F54E-B464-41D5-A926-18288A98C2FD}.Release|x86.ActiveCfg = Release|Any CPU
		{C9B6F54E-B464-41D5-A926-18288A98C2FD}.Release|x86.Build.0 = Release|Any CPU
		{03D392F5-8564-42C1-9758-19953F466AEA}.Debug|Any CPU.ActiveCfg = Debug|Any CPU
		{03D392F5-8564-42C1-9758-19953F466AEA}.Debug|Any CPU.Build.0 = Debug|Any CPU
		{03D392F5-8564-42C1-9758-19953F466AEA}.Debug|x64.ActiveCfg = Debug|Any CPU
		{03D392F5-8564-42C1-9758-19953F466AEA}.Debug|x64.Build.0 = Debug|Any CPU
		{03D392F5-8564-42C1-9758-19953F466AEA}.Debug|x86.ActiveCfg = Debug|Any CPU
		{03D392F5-8564-42C1-9758-19953F466AEA}.Debug|x86.Build.0 = Debug|Any CPU
		{03D392F5-8564-42C1-9758-19953F466AEA}.Release|Any CPU.ActiveCfg = Release|Any CPU
		{03D392F5-8564-42C1-9758-19953F466AEA}.Release|Any CPU.Build.0 = Release|Any CPU
		{03D392F5-8564-42C1-9758-19953F466AEA}.Release|x64.ActiveCfg = Release|Any CPU
		{03D392F5-8564-42C1-9758-19953F466AEA}.Release|x64.Build.0 = Release|Any CPU
		{03D392F5-8564-42C1-9758-19953F466AEA}.Release|x86.ActiveCfg = Release|Any CPU
		{03D392F5-8564-42C1-9758-19953F466AEA}.Release|x86.Build.0 = Release|Any CPU
		{FE5985D1-6C41-4948-A2BC-108907BAB7F6}.Debug|Any CPU.ActiveCfg = Debug|Any CPU
		{FE5985D1-6C41-4948-A2BC-108907BAB7F6}.Debug|Any CPU.Build.0 = Debug|Any CPU
		{FE5985D1-6C41-4948-A2BC-108907BAB7F6}.Debug|x64.ActiveCfg = Debug|Any CPU
		{FE5985D1-6C41-4948-A2BC-108907BAB7F6}.Debug|x64.Build.0 = Debug|Any CPU
		{FE5985D1-6C41-4948-A2BC-108907BAB7F6}.Debug|x86.ActiveCfg = Debug|Any CPU
		{FE5985D1-6C41-4948-A2BC-108907BAB7F6}.Debug|x86.Build.0 = Debug|Any CPU
		{FE5985D1-6C41-4948-A2BC-108907BAB7F6}.Release|Any CPU.ActiveCfg = Release|Any CPU
		{FE5985D1-6C41-4948-A2BC-108907BAB7F6}.Release|Any CPU.Build.0 = Release|Any CPU
		{FE5985D1-6C41-4948-A2BC-108907BAB7F6}.Release|x64.ActiveCfg = Release|Any CPU
		{FE5985D1-6C41-4948-A2BC-108907BAB7F6}.Release|x64.Build.0 = Release|Any CPU
		{FE5985D1-6C41-4948-A2BC-108907BAB7F6}.Release|x86.ActiveCfg = Release|Any CPU
		{FE5985D1-6C41-4948-A2BC-108907BAB7F6}.Release|x86.Build.0 = Release|Any CPU
		{501FDB37-C7AB-44E2-97CE-D9DBC6F66E1D}.Debug|Any CPU.ActiveCfg = Debug|Any CPU
		{501FDB37-C7AB-44E2-97CE-D9DBC6F66E1D}.Debug|Any CPU.Build.0 = Debug|Any CPU
		{501FDB37-C7AB-44E2-97CE-D9DBC6F66E1D}.Debug|x64.ActiveCfg = Debug|Any CPU
		{501FDB37-C7AB-44E2-97CE-D9DBC6F66E1D}.Debug|x64.Build.0 = Debug|Any CPU
		{501FDB37-C7AB-44E2-97CE-D9DBC6F66E1D}.Debug|x86.ActiveCfg = Debug|Any CPU
		{501FDB37-C7AB-44E2-97CE-D9DBC6F66E1D}.Debug|x86.Build.0 = Debug|Any CPU
		{501FDB37-C7AB-44E2-97CE-D9DBC6F66E1D}.Release|Any CPU.ActiveCfg = Release|Any CPU
		{501FDB37-C7AB-44E2-97CE-D9DBC6F66E1D}.Release|Any CPU.Build.0 = Release|Any CPU
		{501FDB37-C7AB-44E2-97CE-D9DBC6F66E1D}.Release|x64.ActiveCfg = Release|Any CPU
		{501FDB37-C7AB-44E2-97CE-D9DBC6F66E1D}.Release|x64.Build.0 = Release|Any CPU
		{501FDB37-C7AB-44E2-97CE-D9DBC6F66E1D}.Release|x86.ActiveCfg = Release|Any CPU
		{501FDB37-C7AB-44E2-97CE-D9DBC6F66E1D}.Release|x86.Build.0 = Release|Any CPU
		{FDA63BF0-1E40-40E7-9F49-97F55AAE614E}.Debug|Any CPU.ActiveCfg = Debug|Any CPU
		{FDA63BF0-1E40-40E7-9F49-97F55AAE614E}.Debug|Any CPU.Build.0 = Debug|Any CPU
		{FDA63BF0-1E40-40E7-9F49-97F55AAE614E}.Debug|x64.ActiveCfg = Debug|Any CPU
		{FDA63BF0-1E40-40E7-9F49-97F55AAE614E}.Debug|x64.Build.0 = Debug|Any CPU
		{FDA63BF0-1E40-40E7-9F49-97F55AAE614E}.Debug|x86.ActiveCfg = Debug|Any CPU
		{FDA63BF0-1E40-40E7-9F49-97F55AAE614E}.Debug|x86.Build.0 = Debug|Any CPU
		{FDA63BF0-1E40-40E7-9F49-97F55AAE614E}.Release|Any CPU.ActiveCfg = Release|Any CPU
		{FDA63BF0-1E40-40E7-9F49-97F55AAE614E}.Release|Any CPU.Build.0 = Release|Any CPU
		{FDA63BF0-1E40-40E7-9F49-97F55AAE614E}.Release|x64.ActiveCfg = Release|Any CPU
		{FDA63BF0-1E40-40E7-9F49-97F55AAE614E}.Release|x64.Build.0 = Release|Any CPU
		{FDA63BF0-1E40-40E7-9F49-97F55AAE614E}.Release|x86.ActiveCfg = Release|Any CPU
		{FDA63BF0-1E40-40E7-9F49-97F55AAE614E}.Release|x86.Build.0 = Release|Any CPU
		{165E8719-8C5C-4E31-B4C2-EE7F1474156C}.Debug|Any CPU.ActiveCfg = Debug|Any CPU
		{165E8719-8C5C-4E31-B4C2-EE7F1474156C}.Debug|Any CPU.Build.0 = Debug|Any CPU
		{165E8719-8C5C-4E31-B4C2-EE7F1474156C}.Debug|x64.ActiveCfg = Debug|Any CPU
		{165E8719-8C5C-4E31-B4C2-EE7F1474156C}.Debug|x64.Build.0 = Debug|Any CPU
		{165E8719-8C5C-4E31-B4C2-EE7F1474156C}.Debug|x86.ActiveCfg = Debug|Any CPU
		{165E8719-8C5C-4E31-B4C2-EE7F1474156C}.Debug|x86.Build.0 = Debug|Any CPU
		{165E8719-8C5C-4E31-B4C2-EE7F1474156C}.Release|Any CPU.ActiveCfg = Release|Any CPU
		{165E8719-8C5C-4E31-B4C2-EE7F1474156C}.Release|Any CPU.Build.0 = Release|Any CPU
		{165E8719-8C5C-4E31-B4C2-EE7F1474156C}.Release|x64.ActiveCfg = Release|Any CPU
		{165E8719-8C5C-4E31-B4C2-EE7F1474156C}.Release|x64.Build.0 = Release|Any CPU
		{165E8719-8C5C-4E31-B4C2-EE7F1474156C}.Release|x86.ActiveCfg = Release|Any CPU
		{165E8719-8C5C-4E31-B4C2-EE7F1474156C}.Release|x86.Build.0 = Release|Any CPU
		{5411AC6C-25CD-4DCC-8021-3D90DAA771D9}.Debug|Any CPU.ActiveCfg = Debug|Any CPU
		{5411AC6C-25CD-4DCC-8021-3D90DAA771D9}.Debug|Any CPU.Build.0 = Debug|Any CPU
		{5411AC6C-25CD-4DCC-8021-3D90DAA771D9}.Debug|x64.ActiveCfg = Debug|Any CPU
		{5411AC6C-25CD-4DCC-8021-3D90DAA771D9}.Debug|x64.Build.0 = Debug|Any CPU
		{5411AC6C-25CD-4DCC-8021-3D90DAA771D9}.Debug|x86.ActiveCfg = Debug|Any CPU
		{5411AC6C-25CD-4DCC-8021-3D90DAA771D9}.Debug|x86.Build.0 = Debug|Any CPU
		{5411AC6C-25CD-4DCC-8021-3D90DAA771D9}.Release|Any CPU.ActiveCfg = Release|Any CPU
		{5411AC6C-25CD-4DCC-8021-3D90DAA771D9}.Release|Any CPU.Build.0 = Release|Any CPU
		{5411AC6C-25CD-4DCC-8021-3D90DAA771D9}.Release|x64.ActiveCfg = Release|Any CPU
		{5411AC6C-25CD-4DCC-8021-3D90DAA771D9}.Release|x64.Build.0 = Release|Any CPU
		{5411AC6C-25CD-4DCC-8021-3D90DAA771D9}.Release|x86.ActiveCfg = Release|Any CPU
		{5411AC6C-25CD-4DCC-8021-3D90DAA771D9}.Release|x86.Build.0 = Release|Any CPU
		{6E14B571-F8CE-487F-8A32-8CD860015F31}.Debug|Any CPU.ActiveCfg = Debug|Any CPU
		{6E14B571-F8CE-487F-8A32-8CD860015F31}.Debug|Any CPU.Build.0 = Debug|Any CPU
		{6E14B571-F8CE-487F-8A32-8CD860015F31}.Debug|x64.ActiveCfg = Debug|Any CPU
		{6E14B571-F8CE-487F-8A32-8CD860015F31}.Debug|x64.Build.0 = Debug|Any CPU
		{6E14B571-F8CE-487F-8A32-8CD860015F31}.Debug|x86.ActiveCfg = Debug|Any CPU
		{6E14B571-F8CE-487F-8A32-8CD860015F31}.Debug|x86.Build.0 = Debug|Any CPU
		{6E14B571-F8CE-487F-8A32-8CD860015F31}.Release|Any CPU.ActiveCfg = Release|Any CPU
		{6E14B571-F8CE-487F-8A32-8CD860015F31}.Release|Any CPU.Build.0 = Release|Any CPU
		{6E14B571-F8CE-487F-8A32-8CD860015F31}.Release|x64.ActiveCfg = Release|Any CPU
		{6E14B571-F8CE-487F-8A32-8CD860015F31}.Release|x64.Build.0 = Release|Any CPU
		{6E14B571-F8CE-487F-8A32-8CD860015F31}.Release|x86.ActiveCfg = Release|Any CPU
		{6E14B571-F8CE-487F-8A32-8CD860015F31}.Release|x86.Build.0 = Release|Any CPU
		{B2406130-08AA-4DD2-AE15-C37A8CE35D26}.Debug|Any CPU.ActiveCfg = Debug|Any CPU
		{B2406130-08AA-4DD2-AE15-C37A8CE35D26}.Debug|Any CPU.Build.0 = Debug|Any CPU
		{B2406130-08AA-4DD2-AE15-C37A8CE35D26}.Debug|x64.ActiveCfg = Debug|Any CPU
		{B2406130-08AA-4DD2-AE15-C37A8CE35D26}.Debug|x64.Build.0 = Debug|Any CPU
		{B2406130-08AA-4DD2-AE15-C37A8CE35D26}.Debug|x86.ActiveCfg = Debug|Any CPU
		{B2406130-08AA-4DD2-AE15-C37A8CE35D26}.Debug|x86.Build.0 = Debug|Any CPU
		{B2406130-08AA-4DD2-AE15-C37A8CE35D26}.Release|Any CPU.ActiveCfg = Release|Any CPU
		{B2406130-08AA-4DD2-AE15-C37A8CE35D26}.Release|Any CPU.Build.0 = Release|Any CPU
		{B2406130-08AA-4DD2-AE15-C37A8CE35D26}.Release|x64.ActiveCfg = Release|Any CPU
		{B2406130-08AA-4DD2-AE15-C37A8CE35D26}.Release|x64.Build.0 = Release|Any CPU
		{B2406130-08AA-4DD2-AE15-C37A8CE35D26}.Release|x86.ActiveCfg = Release|Any CPU
		{B2406130-08AA-4DD2-AE15-C37A8CE35D26}.Release|x86.Build.0 = Release|Any CPU
		{E9D36713-3AAA-4542-8715-BB5760FF22D9}.Debug|Any CPU.ActiveCfg = Debug|Any CPU
		{E9D36713-3AAA-4542-8715-BB5760FF22D9}.Debug|Any CPU.Build.0 = Debug|Any CPU
		{E9D36713-3AAA-4542-8715-BB5760FF22D9}.Debug|x64.ActiveCfg = Debug|Any CPU
		{E9D36713-3AAA-4542-8715-BB5760FF22D9}.Debug|x64.Build.0 = Debug|Any CPU
		{E9D36713-3AAA-4542-8715-BB5760FF22D9}.Debug|x86.ActiveCfg = Debug|Any CPU
		{E9D36713-3AAA-4542-8715-BB5760FF22D9}.Debug|x86.Build.0 = Debug|Any CPU
		{E9D36713-3AAA-4542-8715-BB5760FF22D9}.Release|Any CPU.ActiveCfg = Release|Any CPU
		{E9D36713-3AAA-4542-8715-BB5760FF22D9}.Release|Any CPU.Build.0 = Release|Any CPU
		{E9D36713-3AAA-4542-8715-BB5760FF22D9}.Release|x64.ActiveCfg = Release|Any CPU
		{E9D36713-3AAA-4542-8715-BB5760FF22D9}.Release|x64.Build.0 = Release|Any CPU
		{E9D36713-3AAA-4542-8715-BB5760FF22D9}.Release|x86.ActiveCfg = Release|Any CPU
		{E9D36713-3AAA-4542-8715-BB5760FF22D9}.Release|x86.Build.0 = Release|Any CPU
		{5A587C4F-A5C6-4850-AB1D-7A03B0B4ACE6}.Debug|Any CPU.ActiveCfg = Debug|Any CPU
		{5A587C4F-A5C6-4850-AB1D-7A03B0B4ACE6}.Debug|Any CPU.Build.0 = Debug|Any CPU
		{5A587C4F-A5C6-4850-AB1D-7A03B0B4ACE6}.Debug|x64.ActiveCfg = Debug|Any CPU
		{5A587C4F-A5C6-4850-AB1D-7A03B0B4ACE6}.Debug|x64.Build.0 = Debug|Any CPU
		{5A587C4F-A5C6-4850-AB1D-7A03B0B4ACE6}.Debug|x86.ActiveCfg = Debug|Any CPU
		{5A587C4F-A5C6-4850-AB1D-7A03B0B4ACE6}.Debug|x86.Build.0 = Debug|Any CPU
		{5A587C4F-A5C6-4850-AB1D-7A03B0B4ACE6}.Release|Any CPU.ActiveCfg = Release|Any CPU
		{5A587C4F-A5C6-4850-AB1D-7A03B0B4ACE6}.Release|Any CPU.Build.0 = Release|Any CPU
		{5A587C4F-A5C6-4850-AB1D-7A03B0B4ACE6}.Release|x64.ActiveCfg = Release|Any CPU
		{5A587C4F-A5C6-4850-AB1D-7A03B0B4ACE6}.Release|x64.Build.0 = Release|Any CPU
		{5A587C4F-A5C6-4850-AB1D-7A03B0B4ACE6}.Release|x86.ActiveCfg = Release|Any CPU
		{5A587C4F-A5C6-4850-AB1D-7A03B0B4ACE6}.Release|x86.Build.0 = Release|Any CPU
		{BD49CE97-4F22-4518-A6C4-38DF5A6BCD97}.Debug|Any CPU.ActiveCfg = Debug|Any CPU
		{BD49CE97-4F22-4518-A6C4-38DF5A6BCD97}.Debug|Any CPU.Build.0 = Debug|Any CPU
		{BD49CE97-4F22-4518-A6C4-38DF5A6BCD97}.Debug|x64.ActiveCfg = Debug|Any CPU
		{BD49CE97-4F22-4518-A6C4-38DF5A6BCD97}.Debug|x64.Build.0 = Debug|Any CPU
		{BD49CE97-4F22-4518-A6C4-38DF5A6BCD97}.Debug|x86.ActiveCfg = Debug|Any CPU
		{BD49CE97-4F22-4518-A6C4-38DF5A6BCD97}.Debug|x86.Build.0 = Debug|Any CPU
		{BD49CE97-4F22-4518-A6C4-38DF5A6BCD97}.Release|Any CPU.ActiveCfg = Release|Any CPU
		{BD49CE97-4F22-4518-A6C4-38DF5A6BCD97}.Release|Any CPU.Build.0 = Release|Any CPU
		{BD49CE97-4F22-4518-A6C4-38DF5A6BCD97}.Release|x64.ActiveCfg = Release|Any CPU
		{BD49CE97-4F22-4518-A6C4-38DF5A6BCD97}.Release|x64.Build.0 = Release|Any CPU
		{BD49CE97-4F22-4518-A6C4-38DF5A6BCD97}.Release|x86.ActiveCfg = Release|Any CPU
		{BD49CE97-4F22-4518-A6C4-38DF5A6BCD97}.Release|x86.Build.0 = Release|Any CPU
		{F3A79074-E43E-4E2E-ACFE-6067B78A4E0C}.Debug|Any CPU.ActiveCfg = Debug|Any CPU
		{F3A79074-E43E-4E2E-ACFE-6067B78A4E0C}.Debug|Any CPU.Build.0 = Debug|Any CPU
		{F3A79074-E43E-4E2E-ACFE-6067B78A4E0C}.Debug|x64.ActiveCfg = Debug|Any CPU
		{F3A79074-E43E-4E2E-ACFE-6067B78A4E0C}.Debug|x64.Build.0 = Debug|Any CPU
		{F3A79074-E43E-4E2E-ACFE-6067B78A4E0C}.Debug|x86.ActiveCfg = Debug|Any CPU
		{F3A79074-E43E-4E2E-ACFE-6067B78A4E0C}.Debug|x86.Build.0 = Debug|Any CPU
		{F3A79074-E43E-4E2E-ACFE-6067B78A4E0C}.Release|Any CPU.ActiveCfg = Release|Any CPU
		{F3A79074-E43E-4E2E-ACFE-6067B78A4E0C}.Release|Any CPU.Build.0 = Release|Any CPU
		{F3A79074-E43E-4E2E-ACFE-6067B78A4E0C}.Release|x64.ActiveCfg = Release|Any CPU
		{F3A79074-E43E-4E2E-ACFE-6067B78A4E0C}.Release|x64.Build.0 = Release|Any CPU
		{F3A79074-E43E-4E2E-ACFE-6067B78A4E0C}.Release|x86.ActiveCfg = Release|Any CPU
		{F3A79074-E43E-4E2E-ACFE-6067B78A4E0C}.Release|x86.Build.0 = Release|Any CPU
		{82D9A261-C302-4647-B0DB-C57901CAB285}.Debug|Any CPU.ActiveCfg = Debug|Any CPU
		{82D9A261-C302-4647-B0DB-C57901CAB285}.Debug|Any CPU.Build.0 = Debug|Any CPU
		{82D9A261-C302-4647-B0DB-C57901CAB285}.Debug|x64.ActiveCfg = Debug|Any CPU
		{82D9A261-C302-4647-B0DB-C57901CAB285}.Debug|x64.Build.0 = Debug|Any CPU
		{82D9A261-C302-4647-B0DB-C57901CAB285}.Debug|x86.ActiveCfg = Debug|Any CPU
		{82D9A261-C302-4647-B0DB-C57901CAB285}.Debug|x86.Build.0 = Debug|Any CPU
		{82D9A261-C302-4647-B0DB-C57901CAB285}.Release|Any CPU.ActiveCfg = Release|Any CPU
		{82D9A261-C302-4647-B0DB-C57901CAB285}.Release|Any CPU.Build.0 = Release|Any CPU
		{82D9A261-C302-4647-B0DB-C57901CAB285}.Release|x64.ActiveCfg = Release|Any CPU
		{82D9A261-C302-4647-B0DB-C57901CAB285}.Release|x64.Build.0 = Release|Any CPU
		{82D9A261-C302-4647-B0DB-C57901CAB285}.Release|x86.ActiveCfg = Release|Any CPU
		{82D9A261-C302-4647-B0DB-C57901CAB285}.Release|x86.Build.0 = Release|Any CPU
		{212E2AF8-252C-4235-95F3-D37A885608D2}.Debug|Any CPU.ActiveCfg = Debug|Any CPU
		{212E2AF8-252C-4235-95F3-D37A885608D2}.Debug|Any CPU.Build.0 = Debug|Any CPU
		{212E2AF8-252C-4235-95F3-D37A885608D2}.Debug|x64.ActiveCfg = Debug|Any CPU
		{212E2AF8-252C-4235-95F3-D37A885608D2}.Debug|x64.Build.0 = Debug|Any CPU
		{212E2AF8-252C-4235-95F3-D37A885608D2}.Debug|x86.ActiveCfg = Debug|Any CPU
		{212E2AF8-252C-4235-95F3-D37A885608D2}.Debug|x86.Build.0 = Debug|Any CPU
		{212E2AF8-252C-4235-95F3-D37A885608D2}.Release|Any CPU.ActiveCfg = Release|Any CPU
		{212E2AF8-252C-4235-95F3-D37A885608D2}.Release|Any CPU.Build.0 = Release|Any CPU
		{212E2AF8-252C-4235-95F3-D37A885608D2}.Release|x64.ActiveCfg = Release|Any CPU
		{212E2AF8-252C-4235-95F3-D37A885608D2}.Release|x64.Build.0 = Release|Any CPU
		{212E2AF8-252C-4235-95F3-D37A885608D2}.Release|x86.ActiveCfg = Release|Any CPU
		{212E2AF8-252C-4235-95F3-D37A885608D2}.Release|x86.Build.0 = Release|Any CPU
		{47A00A16-A1BE-42D2-A808-1B4780D8BB55}.Debug|Any CPU.ActiveCfg = Debug|Any CPU
		{47A00A16-A1BE-42D2-A808-1B4780D8BB55}.Debug|Any CPU.Build.0 = Debug|Any CPU
		{47A00A16-A1BE-42D2-A808-1B4780D8BB55}.Debug|x64.ActiveCfg = Debug|Any CPU
		{47A00A16-A1BE-42D2-A808-1B4780D8BB55}.Debug|x64.Build.0 = Debug|Any CPU
		{47A00A16-A1BE-42D2-A808-1B4780D8BB55}.Debug|x86.ActiveCfg = Debug|Any CPU
		{47A00A16-A1BE-42D2-A808-1B4780D8BB55}.Debug|x86.Build.0 = Debug|Any CPU
		{47A00A16-A1BE-42D2-A808-1B4780D8BB55}.Release|Any CPU.ActiveCfg = Release|Any CPU
		{47A00A16-A1BE-42D2-A808-1B4780D8BB55}.Release|Any CPU.Build.0 = Release|Any CPU
		{47A00A16-A1BE-42D2-A808-1B4780D8BB55}.Release|x64.ActiveCfg = Release|Any CPU
		{47A00A16-A1BE-42D2-A808-1B4780D8BB55}.Release|x64.Build.0 = Release|Any CPU
		{47A00A16-A1BE-42D2-A808-1B4780D8BB55}.Release|x86.ActiveCfg = Release|Any CPU
		{47A00A16-A1BE-42D2-A808-1B4780D8BB55}.Release|x86.Build.0 = Release|Any CPU
		{AA2BDBA8-CCE6-4D59-94F5-71C212B34D54}.Debug|Any CPU.ActiveCfg = Debug|Any CPU
		{AA2BDBA8-CCE6-4D59-94F5-71C212B34D54}.Debug|Any CPU.Build.0 = Debug|Any CPU
		{AA2BDBA8-CCE6-4D59-94F5-71C212B34D54}.Debug|x64.ActiveCfg = Debug|Any CPU
		{AA2BDBA8-CCE6-4D59-94F5-71C212B34D54}.Debug|x64.Build.0 = Debug|Any CPU
		{AA2BDBA8-CCE6-4D59-94F5-71C212B34D54}.Debug|x86.ActiveCfg = Debug|Any CPU
		{AA2BDBA8-CCE6-4D59-94F5-71C212B34D54}.Debug|x86.Build.0 = Debug|Any CPU
		{AA2BDBA8-CCE6-4D59-94F5-71C212B34D54}.Release|Any CPU.ActiveCfg = Release|Any CPU
		{AA2BDBA8-CCE6-4D59-94F5-71C212B34D54}.Release|Any CPU.Build.0 = Release|Any CPU
		{AA2BDBA8-CCE6-4D59-94F5-71C212B34D54}.Release|x64.ActiveCfg = Release|Any CPU
		{AA2BDBA8-CCE6-4D59-94F5-71C212B34D54}.Release|x64.Build.0 = Release|Any CPU
		{AA2BDBA8-CCE6-4D59-94F5-71C212B34D54}.Release|x86.ActiveCfg = Release|Any CPU
		{AA2BDBA8-CCE6-4D59-94F5-71C212B34D54}.Release|x86.Build.0 = Release|Any CPU
		{DCA71BD9-F677-4A6C-B940-B4AC9E505CEB}.Debug|Any CPU.ActiveCfg = Debug|Any CPU
		{DCA71BD9-F677-4A6C-B940-B4AC9E505CEB}.Debug|Any CPU.Build.0 = Debug|Any CPU
		{DCA71BD9-F677-4A6C-B940-B4AC9E505CEB}.Debug|x64.ActiveCfg = Debug|Any CPU
		{DCA71BD9-F677-4A6C-B940-B4AC9E505CEB}.Debug|x64.Build.0 = Debug|Any CPU
		{DCA71BD9-F677-4A6C-B940-B4AC9E505CEB}.Debug|x86.ActiveCfg = Debug|Any CPU
		{DCA71BD9-F677-4A6C-B940-B4AC9E505CEB}.Debug|x86.Build.0 = Debug|Any CPU
		{DCA71BD9-F677-4A6C-B940-B4AC9E505CEB}.Release|Any CPU.ActiveCfg = Release|Any CPU
		{DCA71BD9-F677-4A6C-B940-B4AC9E505CEB}.Release|Any CPU.Build.0 = Release|Any CPU
		{DCA71BD9-F677-4A6C-B940-B4AC9E505CEB}.Release|x64.ActiveCfg = Release|Any CPU
		{DCA71BD9-F677-4A6C-B940-B4AC9E505CEB}.Release|x64.Build.0 = Release|Any CPU
		{DCA71BD9-F677-4A6C-B940-B4AC9E505CEB}.Release|x86.ActiveCfg = Release|Any CPU
		{DCA71BD9-F677-4A6C-B940-B4AC9E505CEB}.Release|x86.Build.0 = Release|Any CPU
		{04581E29-1BAC-48F5-8155-6A6C7C4B2F10}.Debug|Any CPU.ActiveCfg = Debug|Any CPU
		{04581E29-1BAC-48F5-8155-6A6C7C4B2F10}.Debug|Any CPU.Build.0 = Debug|Any CPU
		{04581E29-1BAC-48F5-8155-6A6C7C4B2F10}.Debug|x64.ActiveCfg = Debug|Any CPU
		{04581E29-1BAC-48F5-8155-6A6C7C4B2F10}.Debug|x64.Build.0 = Debug|Any CPU
		{04581E29-1BAC-48F5-8155-6A6C7C4B2F10}.Debug|x86.ActiveCfg = Debug|Any CPU
		{04581E29-1BAC-48F5-8155-6A6C7C4B2F10}.Debug|x86.Build.0 = Debug|Any CPU
		{04581E29-1BAC-48F5-8155-6A6C7C4B2F10}.Release|Any CPU.ActiveCfg = Release|Any CPU
		{04581E29-1BAC-48F5-8155-6A6C7C4B2F10}.Release|Any CPU.Build.0 = Release|Any CPU
		{04581E29-1BAC-48F5-8155-6A6C7C4B2F10}.Release|x64.ActiveCfg = Release|Any CPU
		{04581E29-1BAC-48F5-8155-6A6C7C4B2F10}.Release|x64.Build.0 = Release|Any CPU
		{04581E29-1BAC-48F5-8155-6A6C7C4B2F10}.Release|x86.ActiveCfg = Release|Any CPU
		{04581E29-1BAC-48F5-8155-6A6C7C4B2F10}.Release|x86.Build.0 = Release|Any CPU
		{80B32D35-60D7-4456-AEBE-26C31405AA60}.Debug|Any CPU.ActiveCfg = Debug|Any CPU
		{80B32D35-60D7-4456-AEBE-26C31405AA60}.Debug|Any CPU.Build.0 = Debug|Any CPU
		{80B32D35-60D7-4456-AEBE-26C31405AA60}.Debug|x64.ActiveCfg = Debug|Any CPU
		{80B32D35-60D7-4456-AEBE-26C31405AA60}.Debug|x64.Build.0 = Debug|Any CPU
		{80B32D35-60D7-4456-AEBE-26C31405AA60}.Debug|x86.ActiveCfg = Debug|Any CPU
		{80B32D35-60D7-4456-AEBE-26C31405AA60}.Debug|x86.Build.0 = Debug|Any CPU
		{80B32D35-60D7-4456-AEBE-26C31405AA60}.Release|Any CPU.ActiveCfg = Release|Any CPU
		{80B32D35-60D7-4456-AEBE-26C31405AA60}.Release|Any CPU.Build.0 = Release|Any CPU
		{80B32D35-60D7-4456-AEBE-26C31405AA60}.Release|x64.ActiveCfg = Release|Any CPU
		{80B32D35-60D7-4456-AEBE-26C31405AA60}.Release|x64.Build.0 = Release|Any CPU
		{80B32D35-60D7-4456-AEBE-26C31405AA60}.Release|x86.ActiveCfg = Release|Any CPU
		{80B32D35-60D7-4456-AEBE-26C31405AA60}.Release|x86.Build.0 = Release|Any CPU
		{E8EE1B3E-EB00-4A07-9EC8-D9D877511A6A}.Debug|Any CPU.ActiveCfg = Debug|Any CPU
		{E8EE1B3E-EB00-4A07-9EC8-D9D877511A6A}.Debug|Any CPU.Build.0 = Debug|Any CPU
		{E8EE1B3E-EB00-4A07-9EC8-D9D877511A6A}.Debug|x64.ActiveCfg = Debug|Any CPU
		{E8EE1B3E-EB00-4A07-9EC8-D9D877511A6A}.Debug|x64.Build.0 = Debug|Any CPU
		{E8EE1B3E-EB00-4A07-9EC8-D9D877511A6A}.Debug|x86.ActiveCfg = Debug|Any CPU
		{E8EE1B3E-EB00-4A07-9EC8-D9D877511A6A}.Debug|x86.Build.0 = Debug|Any CPU
		{E8EE1B3E-EB00-4A07-9EC8-D9D877511A6A}.Release|Any CPU.ActiveCfg = Release|Any CPU
		{E8EE1B3E-EB00-4A07-9EC8-D9D877511A6A}.Release|Any CPU.Build.0 = Release|Any CPU
		{E8EE1B3E-EB00-4A07-9EC8-D9D877511A6A}.Release|x64.ActiveCfg = Release|Any CPU
		{E8EE1B3E-EB00-4A07-9EC8-D9D877511A6A}.Release|x64.Build.0 = Release|Any CPU
		{E8EE1B3E-EB00-4A07-9EC8-D9D877511A6A}.Release|x86.ActiveCfg = Release|Any CPU
		{E8EE1B3E-EB00-4A07-9EC8-D9D877511A6A}.Release|x86.Build.0 = Release|Any CPU
		{CEA16B25-0112-48B6-B948-AECDCC66302E}.Debug|Any CPU.ActiveCfg = Debug|Any CPU
		{CEA16B25-0112-48B6-B948-AECDCC66302E}.Debug|Any CPU.Build.0 = Debug|Any CPU
		{CEA16B25-0112-48B6-B948-AECDCC66302E}.Debug|x64.ActiveCfg = Debug|Any CPU
		{CEA16B25-0112-48B6-B948-AECDCC66302E}.Debug|x64.Build.0 = Debug|Any CPU
		{CEA16B25-0112-48B6-B948-AECDCC66302E}.Debug|x86.ActiveCfg = Debug|Any CPU
		{CEA16B25-0112-48B6-B948-AECDCC66302E}.Debug|x86.Build.0 = Debug|Any CPU
		{CEA16B25-0112-48B6-B948-AECDCC66302E}.Release|Any CPU.ActiveCfg = Release|Any CPU
		{CEA16B25-0112-48B6-B948-AECDCC66302E}.Release|Any CPU.Build.0 = Release|Any CPU
		{CEA16B25-0112-48B6-B948-AECDCC66302E}.Release|x64.ActiveCfg = Release|Any CPU
		{CEA16B25-0112-48B6-B948-AECDCC66302E}.Release|x64.Build.0 = Release|Any CPU
		{CEA16B25-0112-48B6-B948-AECDCC66302E}.Release|x86.ActiveCfg = Release|Any CPU
		{CEA16B25-0112-48B6-B948-AECDCC66302E}.Release|x86.Build.0 = Release|Any CPU
		{87AB87FB-1B3B-4A05-ABFC-E63B4463B515}.Debug|Any CPU.ActiveCfg = Debug|Any CPU
		{87AB87FB-1B3B-4A05-ABFC-E63B4463B515}.Debug|Any CPU.Build.0 = Debug|Any CPU
		{87AB87FB-1B3B-4A05-ABFC-E63B4463B515}.Debug|x64.ActiveCfg = Debug|Any CPU
		{87AB87FB-1B3B-4A05-ABFC-E63B4463B515}.Debug|x64.Build.0 = Debug|Any CPU
		{87AB87FB-1B3B-4A05-ABFC-E63B4463B515}.Debug|x86.ActiveCfg = Debug|Any CPU
		{87AB87FB-1B3B-4A05-ABFC-E63B4463B515}.Debug|x86.Build.0 = Debug|Any CPU
		{87AB87FB-1B3B-4A05-ABFC-E63B4463B515}.Release|Any CPU.ActiveCfg = Release|Any CPU
		{87AB87FB-1B3B-4A05-ABFC-E63B4463B515}.Release|Any CPU.Build.0 = Release|Any CPU
		{87AB87FB-1B3B-4A05-ABFC-E63B4463B515}.Release|x64.ActiveCfg = Release|Any CPU
		{87AB87FB-1B3B-4A05-ABFC-E63B4463B515}.Release|x64.Build.0 = Release|Any CPU
		{87AB87FB-1B3B-4A05-ABFC-E63B4463B515}.Release|x86.ActiveCfg = Release|Any CPU
		{87AB87FB-1B3B-4A05-ABFC-E63B4463B515}.Release|x86.Build.0 = Release|Any CPU
		{AF23C449-4986-4FF7-B8DB-FEA7EBD3B72E}.Debug|Any CPU.ActiveCfg = Debug|Any CPU
		{AF23C449-4986-4FF7-B8DB-FEA7EBD3B72E}.Debug|Any CPU.Build.0 = Debug|Any CPU
		{AF23C449-4986-4FF7-B8DB-FEA7EBD3B72E}.Debug|x64.ActiveCfg = Debug|Any CPU
		{AF23C449-4986-4FF7-B8DB-FEA7EBD3B72E}.Debug|x64.Build.0 = Debug|Any CPU
		{AF23C449-4986-4FF7-B8DB-FEA7EBD3B72E}.Debug|x86.ActiveCfg = Debug|Any CPU
		{AF23C449-4986-4FF7-B8DB-FEA7EBD3B72E}.Debug|x86.Build.0 = Debug|Any CPU
		{AF23C449-4986-4FF7-B8DB-FEA7EBD3B72E}.Release|Any CPU.ActiveCfg = Release|Any CPU
		{AF23C449-4986-4FF7-B8DB-FEA7EBD3B72E}.Release|Any CPU.Build.0 = Release|Any CPU
		{AF23C449-4986-4FF7-B8DB-FEA7EBD3B72E}.Release|x64.ActiveCfg = Release|Any CPU
		{AF23C449-4986-4FF7-B8DB-FEA7EBD3B72E}.Release|x64.Build.0 = Release|Any CPU
		{AF23C449-4986-4FF7-B8DB-FEA7EBD3B72E}.Release|x86.ActiveCfg = Release|Any CPU
		{AF23C449-4986-4FF7-B8DB-FEA7EBD3B72E}.Release|x86.Build.0 = Release|Any CPU
	EndGlobalSection
	GlobalSection(SolutionProperties) = preSolution
		HideSolutionNode = FALSE
	EndGlobalSection
	GlobalSection(NestedProjects) = preSolution
		{1900CB8A-C36C-EE6B-7074-72B37AE43150} = {EDCC936F-3580-6108-C946-99C59F458579}
		{8460D90C-84A5-4106-9A6C-43565388DFCB} = {8CBEE143-B97E-4971-94F5-A4DD6BAFBCB1}
		{E0DDFD33-B6E3-4F53-9AB5-F3E1B83B1539} = {8460D90C-84A5-4106-9A6C-43565388DFCB}
		{3344C204-1DA6-46FE-A1B5-97D2F7977782} = {8460D90C-84A5-4106-9A6C-43565388DFCB}
		{E782CD49-20B4-4430-ABBC-30A8252D6E90} = {8460D90C-84A5-4106-9A6C-43565388DFCB}
		{494FADA1-D149-4B58-8ED5-D72A2D686636} = {8460D90C-84A5-4106-9A6C-43565388DFCB}
		{EC2A2FB9-50C5-4CC1-A883-BF2680049238} = {8460D90C-84A5-4106-9A6C-43565388DFCB}
		{0A7E27E5-7285-499C-A290-61035D8C7C7A} = {8460D90C-84A5-4106-9A6C-43565388DFCB}
		{2A8CD88D-E5B9-4668-9712-101A240892DC} = {8460D90C-84A5-4106-9A6C-43565388DFCB}
		{557B4D2F-0B4E-47CB-A0B1-501C4495669D} = {8460D90C-84A5-4106-9A6C-43565388DFCB}
		{1EBBA480-191F-4971-A966-049F15C09DDE} = {8460D90C-84A5-4106-9A6C-43565388DFCB}
		{F98E2F4C-5B00-47C5-A97A-B3306A0E8CF0} = {8CBEE143-B97E-4971-94F5-A4DD6BAFBCB1}
		{3127B697-7B8E-4E38-9B94-E5E5E092383D} = {F98E2F4C-5B00-47C5-A97A-B3306A0E8CF0}
		{F19909DE-5786-4E76-8DB2-CB1F2486C4C5} = {F98E2F4C-5B00-47C5-A97A-B3306A0E8CF0}
		{859652E6-A41E-4D2A-8CA3-97C13498CF64} = {F98E2F4C-5B00-47C5-A97A-B3306A0E8CF0}
		{8F45AF19-3214-48B4-A578-C30E456B3AF7} = {F98E2F4C-5B00-47C5-A97A-B3306A0E8CF0}
		{ABDA7B11-7D3F-42AD-A54F-F92F1351C00B} = {8CBEE143-B97E-4971-94F5-A4DD6BAFBCB1}
		{6BFC6CB5-A559-4E8A-A08E-385B42F48F9D} = {ABDA7B11-7D3F-42AD-A54F-F92F1351C00B}
		{45F7B217-A4F3-4253-95DC-9F30B0A71EF7} = {ABDA7B11-7D3F-42AD-A54F-F92F1351C00B}
		{B1B8EE7A-30F8-40AF-A1B1-69550071E5A9} = {ABDA7B11-7D3F-42AD-A54F-F92F1351C00B}
		{DEC1DC4E-B1DD-4C51-A2A6-C9D597DCCBBC} = {ABDA7B11-7D3F-42AD-A54F-F92F1351C00B}
		{F2CACA4F-B8EC-45D7-A828-71FB52E85708} = {ABDA7B11-7D3F-42AD-A54F-F92F1351C00B}
		{EF682C6F-F64F-4E00-B55C-D07C6948D912} = {ABDA7B11-7D3F-42AD-A54F-F92F1351C00B}
		{E6E22F64-ECA5-4CF3-B9A7-77687FD15FFD} = {ABDA7B11-7D3F-42AD-A54F-F92F1351C00B}
		{470F0631-B932-4EA8-92C6-4FA376085A53} = {ABDA7B11-7D3F-42AD-A54F-F92F1351C00B}
		{8E95E988-E0F8-40CB-A1E4-51E30179C5D3} = {ABDA7B11-7D3F-42AD-A54F-F92F1351C00B}
		{DE9F6782-C9F7-43B4-A380-D9CCBB7E1B05} = {ABDA7B11-7D3F-42AD-A54F-F92F1351C00B}
		{FE6853CF-9918-48FA-8528-DFD8AA6608BB} = {ABDA7B11-7D3F-42AD-A54F-F92F1351C00B}
		{FC775C0E-88B0-47E3-99FF-5F3280C160CE} = {ABDA7B11-7D3F-42AD-A54F-F92F1351C00B}
		{0663A5EE-9572-4E6F-B819-4FBD70813147} = {8CBEE143-B97E-4971-94F5-A4DD6BAFBCB1}
		{594DC623-0F11-4B5A-8374-89BABDB1980A} = {0663A5EE-9572-4E6F-B819-4FBD70813147}
		{D86263B5-A478-4F2E-8711-E26AF1B62086} = {0663A5EE-9572-4E6F-B819-4FBD70813147}
		{F28D1C61-5085-44E1-8212-04A5B1086604} = {0663A5EE-9572-4E6F-B819-4FBD70813147}
		{0336B958-6EA0-4F42-802B-508DA25594E8} = {0663A5EE-9572-4E6F-B819-4FBD70813147}
		{410E241C-6787-4F8F-9F2D-810A2182EF64} = {0663A5EE-9572-4E6F-B819-4FBD70813147}
		{4CA68D5D-CA7E-4B32-91EE-3A4552AD9922} = {0663A5EE-9572-4E6F-B819-4FBD70813147}
		{8B839944-D4C1-48F3-8654-085D3C989E08} = {0663A5EE-9572-4E6F-B819-4FBD70813147}
		{30264237-C5C2-4927-ABF7-3D5DBA6F6F9B} = {0663A5EE-9572-4E6F-B819-4FBD70813147}
		{79660D09-F996-41F7-8BB5-9CDBF9B76DD7} = {0663A5EE-9572-4E6F-B819-4FBD70813147}
		{527B9054-FDE9-4AF4-B81F-A55CC20C68E4} = {F4229B08-A596-4923-B27C-C82BE0992D27}
		{9F1AD3A0-5870-421C-B2A4-3F4FD59B0A58} = {527B9054-FDE9-4AF4-B81F-A55CC20C68E4}
		{735D72A8-8AAC-4F74-9D3F-9484C5A4298C} = {527B9054-FDE9-4AF4-B81F-A55CC20C68E4}
		{5C95B9FA-C835-4A75-BCE9-00E9BB1F2ECF} = {527B9054-FDE9-4AF4-B81F-A55CC20C68E4}
		{A34E81E0-CCE9-44F2-9555-138FB40946AF} = {527B9054-FDE9-4AF4-B81F-A55CC20C68E4}
		{74ADCA4A-D475-44EC-8733-A077D438C78E} = {527B9054-FDE9-4AF4-B81F-A55CC20C68E4}
		{0C2C0234-6CC7-42AA-A0C5-569F30E020E1} = {527B9054-FDE9-4AF4-B81F-A55CC20C68E4}
		{C0DDFBFA-DF2B-427A-80CB-54300D0C2E90} = {527B9054-FDE9-4AF4-B81F-A55CC20C68E4}
		{13C1E3BB-1B1F-4378-A086-975469FBB1E1} = {527B9054-FDE9-4AF4-B81F-A55CC20C68E4}
		{2C90FA1E-A531-4E2E-84CE-398E5431A909} = {527B9054-FDE9-4AF4-B81F-A55CC20C68E4}
		{C9B6F54E-B464-41D5-A926-18288A98C2FD} = {527B9054-FDE9-4AF4-B81F-A55CC20C68E4}
		{E9C33296-E028-4A12-9544-B48C176D3563} = {F4229B08-A596-4923-B27C-C82BE0992D27}
		{03D392F5-8564-42C1-9758-19953F466AEA} = {E9C33296-E028-4A12-9544-B48C176D3563}
		{FE5985D1-6C41-4948-A2BC-108907BAB7F6} = {E9C33296-E028-4A12-9544-B48C176D3563}
		{FDA63BF0-1E40-40E7-9F49-97F55AAE614E} = {E9C33296-E028-4A12-9544-B48C176D3563}
		{165E8719-8C5C-4E31-B4C2-EE7F1474156C} = {E9C33296-E028-4A12-9544-B48C176D3563}
		{5411AC6C-25CD-4DCC-8021-3D90DAA771D9} = {E0161AF6-8D0F-4547-91D4-B74C0D2310EE}
		{B2406130-08AA-4DD2-AE15-C37A8CE35D26} = {A1C16C9A-26B6-443D-9B8C-A1E3E58DDAD4}
		{E9D36713-3AAA-4542-8715-BB5760FF22D9} = {E0161AF6-8D0F-4547-91D4-B74C0D2310EE}
		{5A587C4F-A5C6-4850-AB1D-7A03B0B4ACE6} = {E9C33296-E028-4A12-9544-B48C176D3563}
		{78B2B714-565A-48BC-A5FB-F1AAC7A8012F} = {F4229B08-A596-4923-B27C-C82BE0992D27}
		{BD49CE97-4F22-4518-A6C4-38DF5A6BCD97} = {78B2B714-565A-48BC-A5FB-F1AAC7A8012F}
		{F3A79074-E43E-4E2E-ACFE-6067B78A4E0C} = {78B2B714-565A-48BC-A5FB-F1AAC7A8012F}
		{82D9A261-C302-4647-B0DB-C57901CAB285} = {78B2B714-565A-48BC-A5FB-F1AAC7A8012F}
		{212E2AF8-252C-4235-95F3-D37A885608D2} = {78B2B714-565A-48BC-A5FB-F1AAC7A8012F}
		{47A00A16-A1BE-42D2-A808-1B4780D8BB55} = {78B2B714-565A-48BC-A5FB-F1AAC7A8012F}
		{AA2BDBA8-CCE6-4D59-94F5-71C212B34D54} = {78B2B714-565A-48BC-A5FB-F1AAC7A8012F}
		{DCA71BD9-F677-4A6C-B940-B4AC9E505CEB} = {78B2B714-565A-48BC-A5FB-F1AAC7A8012F}
		{04581E29-1BAC-48F5-8155-6A6C7C4B2F10} = {78B2B714-565A-48BC-A5FB-F1AAC7A8012F}
		{80B32D35-60D7-4456-AEBE-26C31405AA60} = {78B2B714-565A-48BC-A5FB-F1AAC7A8012F}
		{60684177-BC60-4564-A5C4-AEF434232F23} = {F4229B08-A596-4923-B27C-C82BE0992D27}
		{E8EE1B3E-EB00-4A07-9EC8-D9D877511A6A} = {60684177-BC60-4564-A5C4-AEF434232F23}
		{CEA16B25-0112-48B6-B948-AECDCC66302E} = {60684177-BC60-4564-A5C4-AEF434232F23}
		{87AB87FB-1B3B-4A05-ABFC-E63B4463B515} = {60684177-BC60-4564-A5C4-AEF434232F23}
		{AF23C449-4986-4FF7-B8DB-FEA7EBD3B72E} = {60684177-BC60-4564-A5C4-AEF434232F23}
	EndGlobalSection
	GlobalSection(ExtensibilityGlobals) = postSolution
		SolutionGuid = {8BF2F2D0-23BC-4319-B17A-877D491456FB}
	EndGlobalSection
EndGlobal
